PODS:
  - FDFullscreenPopGesture (1.1)
  - KSYMediaPlayer_iOS/KSYMediaPlayer_vod (3.0.3)
  - MBProgressHUD (0.9.2)
  - "MBProgressHUD+JDragon (0.0.3)":
    - MBProgressHUD (~> 0.9.2)
  - MJRefresh (3.1.15.3)
  - PYSearch (0.8.9)
  - SVBlurView (0.0.1)
  - ZFPlayer (3.1.5):
    - ZFPlayer/Core (= 3.1.5)
  - ZFPlayer/AVPlayer (3.1.5):
    - ZFPlayer/Core
  - ZFPlayer/ControlView (3.1.5):
    - ZFPlayer/Core
  - ZFPlayer/Core (3.1.5)
  - ZFPlayer/KSYMediaPlayer (3.1.5):
    - KSYMediaPlayer_iOS/KSYMediaPlayer_vod
    - ZFPlayer/Core

DEPENDENCIES:
  - FDFullscreenPopGesture (~> 1.1)
  - "MBProgressHUD+JDragon (~> 0.0.3)"
  - MJRefresh (~> 3.1.12)
  - PYSearch (~> 0.8.8)
  - SVBlurView (~> 0.0.1)
  - ZFPlayer (~> 3.1.5)
  - ZFPlayer/AVPlayer
  - ZFPlayer/ControlView
  - ZFPlayer/KSYMediaPlayer

SPEC REPOS:
  https://github.com/cocoapods/specs.git:
    - FDFullscreenPopGesture
    - KSYMediaPlayer_iOS
    - MBProgressHUD
    - "MBProgressHUD+JDragon"
    - MJRefresh
    - PYSearch
    - SVBlurView
    - ZFPlayer

SPEC CHECKSUMS:
  FDFullscreenPopGesture: a8a620179e3d9c40e8e00256dcee1c1a27c6d0f0
  KSYMediaPlayer_iOS: bd163c277487e99df58941f10f090af2fb53fd6d
  MBProgressHUD: 1569cf7ace17a8bac47aabfbb8580a49690386d1
  "MBProgressHUD+JDragon": 74b18a89dac13cc921df0e2b0c2945b29b15e7ab
  MJRefresh: b48380ae2b927b46c4ef000de9adb8dc748e1df7
  PYSearch: 522b548196bc0457d6f47e30f46c4371af3ccd27
  SVBlurView: 04d65da92afd5cf3fc9ed3348181b0e0d6b1493c
  ZFPlayer: 8273a62fcc76f451db043ce640434d5f8799c09a

PODFILE CHECKSUM: ac646300e54c02b05c4e6d2baa409143e7a86ac4

COCOAPODS: 1.5.3
