PODS:
  - AFNetworking (3.2.1):
    - AFNetworking/NSURLSession (= 3.2.1)
    - AFNetworking/Reachability (= 3.2.1)
    - AFNetworking/Security (= 3.2.1)
    - AFNetworking/Serialization (= 3.2.1)
    - AFNetworking/UIKit (= 3.2.1)
  - AFNetworking/NSURLSession (3.2.1):
    - AFNetworking/Reachability
    - AFNetworking/Security
    - AFNetworking/Serialization
  - AFNetworking/Reachability (3.2.1)
  - AFNetworking/Security (3.2.1)
  - AFNetworking/Serialization (3.2.1)
  - AFNetworking/UIKit (3.2.1):
    - AFNetworking/NSURLSession
  - FDFullscreenPopGesture (1.1)
  - MBProgressHUD (0.9.2)
  - "MBProgressHUD+JDragon (0.0.5)":
    - MBProgressHUD (~> 0.9.2)
  - MJRefresh (3.5.0)
  - PYSearch (0.9.1)
  - SDWebImage (5.8.4):
    - SDWebImage/Core (= 5.8.4)
  - SDWebImage/Core (5.8.4)
  - SVBlurView (0.0.1)
  - ZFPlayer (4.0.1):
    - ZFPlayer/Core (= 4.0.1)
  - ZFPlayer/AVPlayer (4.0.1):
    - ZFPlayer/Core
  - ZFPlayer/ControlView (4.0.1):
    - ZFPlayer/Core
  - ZFPlayer/Core (4.0.1)

DEPENDENCIES:
  - AFNetworking
  - FDFullscreenPopGesture (~> 1.1)
  - "MBProgressHUD+JDragon (~> 0.0.3)"
  - MJRefresh
  - PYSearch
  - SDWebImage
  - SVBlurView (~> 0.0.1)
  - ZFPlayer
  - ZFPlayer/AVPlayer
  - ZFPlayer/ControlView

SPEC REPOS:
  trunk:
    - AFNetworking
    - FDFullscreenPopGesture
    - MBProgressHUD
    - "MBProgressHUD+JDragon"
    - MJRefresh
    - PYSearch
    - SDWebImage
    - SVBlurView
    - ZFPlayer

SPEC CHECKSUMS:
  AFNetworking: b6f891fdfaed196b46c7a83cf209e09697b94057
  FDFullscreenPopGesture: a8a620179e3d9c40e8e00256dcee1c1a27c6d0f0
  MBProgressHUD: 1569cf7ace17a8bac47aabfbb8580a49690386d1
  "MBProgressHUD+JDragon": 15bf7583612f0bb9f0bcea634ba5eb247b17d014
  MJRefresh: 6afc955813966afb08305477dd7a0d9ad5e79a16
  PYSearch: 76dee18eea3309b60921a5d6a69390a63a5dda15
  SDWebImage: cf6922231e95550934da2ada0f20f2becf2ceba9
  SVBlurView: 04d65da92afd5cf3fc9ed3348181b0e0d6b1493c
  ZFPlayer: f88787c815f7b0801279c42f131a89e2823e669e

PODFILE CHECKSUM: de9c07334e8c9230d4e3696ec262e5dee6f9eed0

COCOAPODS: 1.9.1
