// !$*UTF8*$!
{
	archiveVersion = 1;
	classes = {
	};
	objectVersion = 46;
	objects = {

/* Begin PBXBuildFile section */
		1420384A233E4EE100DDA120 /* UIView+DYFAdd.m in Sources */ = {isa = PBXBuildFile; fileRef = 14203849233E4EE100DDA120 /* UIView+DYFAdd.m */; };
		1420384E233E68FE00DDA120 /* DYFDropListModel.m in Sources */ = {isa = PBXBuildFile; fileRef = 1420384C233E68FC00DDA120 /* DYFDropListModel.m */; };
		14203851233E69DA00DDA120 /* DYFDropListView.bundle in Resources */ = {isa = PBXBuildFile; fileRef = 14203850233E69DA00DDA120 /* DYFDropListView.bundle */; };
		14203857233FA6CA00DDA120 /* DYFHttpClient.m in Sources */ = {isa = PBXBuildFile; fileRef = 14203856233FA6CA00DDA120 /* DYFHttpClient.m */; };
		1430B8B0234C3FBC00189025 /* KSYMediaPlayer.framework in Frameworks */ = {isa = PBXBuildFile; fileRef = 1430B8AC234C3FBB00189025 /* KSYMediaPlayer.framework */; };
		1430B8B1234C3FBC00189025 /* KSYMediaPlayerManager.m in Sources */ = {isa = PBXBuildFile; fileRef = 1430B8AE234C3FBB00189025 /* KSYMediaPlayerManager.m */; };
		144B220E2338A5EC00994F35 /* TabBarController.m in Sources */ = {isa = PBXBuildFile; fileRef = 144B21EE2338A5EB00994F35 /* TabBarController.m */; };
		144B220F2338A5EC00994F35 /* QPlayerController.m in Sources */ = {isa = PBXBuildFile; fileRef = 144B21F42338A5EB00994F35 /* QPlayerController.m */; };
		144B22102338A5EC00994F35 /* HomeViewController.m in Sources */ = {isa = PBXBuildFile; fileRef = 144B21F82338A5EC00994F35 /* HomeViewController.m */; };
		144B22112338A5EC00994F35 /* FileModel.m in Sources */ = {isa = PBXBuildFile; fileRef = 144B21FB2338A5EC00994F35 /* FileModel.m */; };
		144B22122338A5EC00994F35 /* FileTableViewCell.m in Sources */ = {isa = PBXBuildFile; fileRef = 144B21FE2338A5EC00994F35 /* FileTableViewCell.m */; };
		144B22132338A5EC00994F35 /* FileTableViewCell.xib in Resources */ = {isa = PBXBuildFile; fileRef = 144B21FF2338A5EC00994F35 /* FileTableViewCell.xib */; };
		144B22142338A5EC00994F35 /* LiveViewController.m in Sources */ = {isa = PBXBuildFile; fileRef = 144B22042338A5EC00994F35 /* LiveViewController.m */; };
		144B22152338A5EC00994F35 /* SearchViewController.m in Sources */ = {isa = PBXBuildFile; fileRef = 144B22082338A5EC00994F35 /* SearchViewController.m */; };
		144B22162338A5EC00994F35 /* SettingsViewController.m in Sources */ = {isa = PBXBuildFile; fileRef = 144B220D2338A5EC00994F35 /* SettingsViewController.m */; };
		144B221E233909C200994F35 /* DYFDropListView.m in Sources */ = {isa = PBXBuildFile; fileRef = 144B221D233909C200994F35 /* DYFDropListView.m */; };
		144B222223390A7200994F35 /* DYFDropListViewCell.m in Sources */ = {isa = PBXBuildFile; fileRef = 144B222023390A7200994F35 /* DYFDropListViewCell.m */; };
		144B222323390A7200994F35 /* DYFDropListViewCell.xib in Resources */ = {isa = PBXBuildFile; fileRef = 144B222123390A7200994F35 /* DYFDropListViewCell.xib */; };
		145C6179234CD1CA0077654D /* UIViewController+DYFAdd.m in Sources */ = {isa = PBXBuildFile; fileRef = 145C6178234CD1CA0077654D /* UIViewController+DYFAdd.m */; };
		1467B27B233A0AD100526926 /* BaseView.m in Sources */ = {isa = PBXBuildFile; fileRef = 1467B279233A0AD100526926 /* BaseView.m */; };
		1467B280233A0B7900526926 /* QPTitleView.m in Sources */ = {isa = PBXBuildFile; fileRef = 1467B27E233A0B7800526926 /* QPTitleView.m */; };
		1467B28D233A184C00526926 /* QPAppConst.m in Sources */ = {isa = PBXBuildFile; fileRef = 1467B28B233A184C00526926 /* QPAppConst.m */; };
		1467B29C233A1AD300526926 /* AboutMeViewController.m in Sources */ = {isa = PBXBuildFile; fileRef = 1467B297233A1AD200526926 /* AboutMeViewController.m */; };
		1467B29D233A1AD300526926 /* AboutMeViewController.xib in Resources */ = {isa = PBXBuildFile; fileRef = 1467B299233A1AD200526926 /* AboutMeViewController.xib */; };
		1467B2A8233A448000526926 /* AboutMeTableHeader.m in Sources */ = {isa = PBXBuildFile; fileRef = 1467B2A3233A447F00526926 /* AboutMeTableHeader.m */; };
		1467B2A9233A448000526926 /* AboutMeTableHeader.xib in Resources */ = {isa = PBXBuildFile; fileRef = 1467B2A4233A447F00526926 /* AboutMeTableHeader.xib */; };
		1467B2AA233A448000526926 /* AboutMeTableFooter.m in Sources */ = {isa = PBXBuildFile; fileRef = 1467B2A5233A447F00526926 /* AboutMeTableFooter.m */; };
		1467B2AB233A448000526926 /* AboutMeTableFooter.xib in Resources */ = {isa = PBXBuildFile; fileRef = 1467B2A6233A447F00526926 /* AboutMeTableFooter.xib */; };
		1467B2AD233A488E00526926 /* DYFDropListView.xib in Resources */ = {isa = PBXBuildFile; fileRef = 1467B2AC233A488E00526926 /* DYFDropListView.xib */; };
		1481C22C210F01DA00F431BB /* BaseViewController.m in Sources */ = {isa = PBXBuildFile; fileRef = 1481C1F6210F01DA00F431BB /* BaseViewController.m */; };
		1481C22D210F01DA00F431BB /* BaseNavigationController.m in Sources */ = {isa = PBXBuildFile; fileRef = 1481C1F7210F01DA00F431BB /* BaseNavigationController.m */; };
		1481C22E210F01DA00F431BB /* BaseTableViewCell.m in Sources */ = {isa = PBXBuildFile; fileRef = 1481C1FB210F01DA00F431BB /* BaseTableViewCell.m */; };
		1481C22F210F01DA00F431BB /* NSObject+JudgeNull.m in Sources */ = {isa = PBXBuildFile; fileRef = 1481C201210F01DA00F431BB /* NSObject+JudgeNull.m */; };
		1496B4AE20D5BA57004CE10C /* libz.tbd in Frameworks */ = {isa = PBXBuildFile; fileRef = 1496B4AD20D5BA57004CE10C /* libz.tbd */; };
		14A80583233CB87400CEFF14 /* SafariServices.framework in Frameworks */ = {isa = PBXBuildFile; fileRef = 14A80582233CB87400CEFF14 /* SafariServices.framework */; settings = {ATTRIBUTES = (Weak, ); }; };
		14AD061C2337242000C4AD4A /* AudioToolbox.framework in Frameworks */ = {isa = PBXBuildFile; fileRef = 14AD061B2337241F00C4AD4A /* AudioToolbox.framework */; };
		14AD061E2337246D00C4AD4A /* AVFoundation.framework in Frameworks */ = {isa = PBXBuildFile; fileRef = 14AD061D2337246D00C4AD4A /* AVFoundation.framework */; };
		14AD06202337247F00C4AD4A /* CoreGraphics.framework in Frameworks */ = {isa = PBXBuildFile; fileRef = 14AD061F2337247F00C4AD4A /* CoreGraphics.framework */; };
		14AD06222337248800C4AD4A /* CoreMedia.framework in Frameworks */ = {isa = PBXBuildFile; fileRef = 14AD06212337248800C4AD4A /* CoreMedia.framework */; };
		14AD06242337249500C4AD4A /* CoreVideo.framework in Frameworks */ = {isa = PBXBuildFile; fileRef = 14AD06232337249500C4AD4A /* CoreVideo.framework */; };
		14AD0626233724A000C4AD4A /* libbz2.tbd in Frameworks */ = {isa = PBXBuildFile; fileRef = 14AD0625233724A000C4AD4A /* libbz2.tbd */; };
		14AD0628233724B600C4AD4A /* MediaPlayer.framework in Frameworks */ = {isa = PBXBuildFile; fileRef = 14AD0627233724B500C4AD4A /* MediaPlayer.framework */; };
		14AD062A233724C400C4AD4A /* MobileCoreServices.framework in Frameworks */ = {isa = PBXBuildFile; fileRef = 14AD0629233724C400C4AD4A /* MobileCoreServices.framework */; };
		14AD062C233724D000C4AD4A /* OpenGLES.framework in Frameworks */ = {isa = PBXBuildFile; fileRef = 14AD062B233724D000C4AD4A /* OpenGLES.framework */; };
		14AD062E233724DC00C4AD4A /* QuartzCore.framework in Frameworks */ = {isa = PBXBuildFile; fileRef = 14AD062D233724DC00C4AD4A /* QuartzCore.framework */; };
		14AD0630233724E500C4AD4A /* UIKit.framework in Frameworks */ = {isa = PBXBuildFile; fileRef = 14AD062F233724E400C4AD4A /* UIKit.framework */; };
		14AD0632233724F600C4AD4A /* VideoToolbox.framework in Frameworks */ = {isa = PBXBuildFile; fileRef = 14AD0631233724F600C4AD4A /* VideoToolbox.framework */; };
		14AEFFD6233B981800DD6560 /* UILabel+DYFAdd.m in Sources */ = {isa = PBXBuildFile; fileRef = 14AEFFD5233B981800DD6560 /* UILabel+DYFAdd.m */; };
		14AEFFDA233BBA1600DD6560 /* QPHudObject.m in Sources */ = {isa = PBXBuildFile; fileRef = 14AEFFD8233BBA1500DD6560 /* QPHudObject.m */; };
		14F521C1232A28EF00C866D1 /* libc++.tbd in Frameworks */ = {isa = PBXBuildFile; fileRef = 14F521BD232A270800C866D1 /* libc++.tbd */; };
		14F521E0232BCFC600C866D1 /* DYFProgressView.m in Sources */ = {isa = PBXBuildFile; fileRef = 14F521D0232BCFC500C866D1 /* DYFProgressView.m */; };
		14F521E1232BCFC600C866D1 /* DYFWebProgressView.m in Sources */ = {isa = PBXBuildFile; fileRef = 14F521D1232BCFC500C866D1 /* DYFWebProgressView.m */; };
		14F521E4232BCFC600C866D1 /* WifiManager.m in Sources */ = {isa = PBXBuildFile; fileRef = 14F521D8232BCFC600C866D1 /* WifiManager.m */; };
		14F521E5232BCFC600C866D1 /* FileHelper.m in Sources */ = {isa = PBXBuildFile; fileRef = 14F521DB232BCFC600C866D1 /* FileHelper.m */; };
		14F521E6232BCFC600C866D1 /* HistoryArchive.m in Sources */ = {isa = PBXBuildFile; fileRef = 14F521DE232BCFC600C866D1 /* HistoryArchive.m */; };
		14F52216232BF1D400C866D1 /* libxml2.tbd in Frameworks */ = {isa = PBXBuildFile; fileRef = 14F52215232BF1D400C866D1 /* libxml2.tbd */; };
		14F522A4232C00F300C866D1 /* OCGumbo+Query.m in Sources */ = {isa = PBXBuildFile; fileRef = 14F52281232C00F200C866D1 /* OCGumbo+Query.m */; };
		14F522A5232C00F300C866D1 /* OCGumbo.m in Sources */ = {isa = PBXBuildFile; fileRef = 14F52283232C00F200C866D1 /* OCGumbo.m */; };
		14F522A6232C00F300C866D1 /* string_buffer.c in Sources */ = {isa = PBXBuildFile; fileRef = 14F52285232C00F300C866D1 /* string_buffer.c */; };
		14F522A7232C00F300C866D1 /* util.c in Sources */ = {isa = PBXBuildFile; fileRef = 14F52288232C00F300C866D1 /* util.c */; };
		14F522A8232C00F300C866D1 /* char_ref.rl in Resources */ = {isa = PBXBuildFile; fileRef = 14F52289232C00F300C866D1 /* char_ref.rl */; };
		14F522A9232C00F300C866D1 /* vector.c in Sources */ = {isa = PBXBuildFile; fileRef = 14F5228C232C00F300C866D1 /* vector.c */; };
		14F522AA232C00F300C866D1 /* attribute.c in Sources */ = {isa = PBXBuildFile; fileRef = 14F5228D232C00F300C866D1 /* attribute.c */; };
		14F522AB232C00F300C866D1 /* char_ref.c in Sources */ = {isa = PBXBuildFile; fileRef = 14F5228E232C00F300C866D1 /* char_ref.c */; };
		14F522AC232C00F300C866D1 /* utf8.c in Sources */ = {isa = PBXBuildFile; fileRef = 14F52290232C00F300C866D1 /* utf8.c */; };
		14F522AD232C00F300C866D1 /* error.c in Sources */ = {isa = PBXBuildFile; fileRef = 14F52296232C00F300C866D1 /* error.c */; };
		14F522AE232C00F300C866D1 /* tag.in in Resources */ = {isa = PBXBuildFile; fileRef = 14F52297232C00F300C866D1 /* tag.in */; };
		14F522AF232C00F300C866D1 /* tag.c in Sources */ = {isa = PBXBuildFile; fileRef = 14F52299232C00F300C866D1 /* tag.c */; };
		14F522B0232C00F300C866D1 /* parser.c in Sources */ = {isa = PBXBuildFile; fileRef = 14F5229D232C00F300C866D1 /* parser.c */; };
		14F522B1232C00F300C866D1 /* tokenizer.c in Sources */ = {isa = PBXBuildFile; fileRef = 14F522A1232C00F300C866D1 /* tokenizer.c */; };
		14F522B2232C00F300C866D1 /* string_piece.c in Sources */ = {isa = PBXBuildFile; fileRef = 14F522A2232C00F300C866D1 /* string_piece.c */; };
		96532C621F5E814E00E66A2F /* AsyncSocket.m in Sources */ = {isa = PBXBuildFile; fileRef = 96532C481F5E814E00E66A2F /* AsyncSocket.m */; settings = {COMPILER_FLAGS = "-fno-objc-arc"; }; };
		96532C631F5E814E00E66A2F /* DDData.m in Sources */ = {isa = PBXBuildFile; fileRef = 96532C4A1F5E814E00E66A2F /* DDData.m */; settings = {COMPILER_FLAGS = "-fno-objc-arc"; }; };
		96532C641F5E814E00E66A2F /* DDNumber.m in Sources */ = {isa = PBXBuildFile; fileRef = 96532C4C1F5E814E00E66A2F /* DDNumber.m */; settings = {COMPILER_FLAGS = "-fno-objc-arc"; }; };
		96532C651F5E814E00E66A2F /* DDRange.m in Sources */ = {isa = PBXBuildFile; fileRef = 96532C4E1F5E814E00E66A2F /* DDRange.m */; settings = {COMPILER_FLAGS = "-fno-objc-arc"; }; };
		96532C661F5E814E00E66A2F /* FileResource.m in Sources */ = {isa = PBXBuildFile; fileRef = 96532C501F5E814E00E66A2F /* FileResource.m */; settings = {COMPILER_FLAGS = "-fno-objc-arc"; }; };
		96532C671F5E814E00E66A2F /* HTTPAuthenticationRequest.m in Sources */ = {isa = PBXBuildFile; fileRef = 96532C521F5E814E00E66A2F /* HTTPAuthenticationRequest.m */; settings = {COMPILER_FLAGS = "-fno-objc-arc"; }; };
		96532C681F5E814E00E66A2F /* HTTPConnection.m in Sources */ = {isa = PBXBuildFile; fileRef = 96532C541F5E814E00E66A2F /* HTTPConnection.m */; settings = {COMPILER_FLAGS = "-fno-objc-arc"; }; };
		96532C691F5E814E00E66A2F /* HTTPResponse.m in Sources */ = {isa = PBXBuildFile; fileRef = 96532C561F5E814E00E66A2F /* HTTPResponse.m */; settings = {COMPILER_FLAGS = "-fno-objc-arc"; }; };
		96532C6A1F5E814E00E66A2F /* HTTPServer.m in Sources */ = {isa = PBXBuildFile; fileRef = 96532C581F5E814E00E66A2F /* HTTPServer.m */; settings = {COMPILER_FLAGS = "-fno-objc-arc"; }; };
		96532C701F5E814E00E66A2F /* RegexKitLite.m in Sources */ = {isa = PBXBuildFile; fileRef = 96532C611F5E814E00E66A2F /* RegexKitLite.m */; settings = {COMPILER_FLAGS = "-fno-objc-arc"; }; };
		96532C721F5E816000E66A2F /* docroot in Resources */ = {isa = PBXBuildFile; fileRef = 96532C711F5E816000E66A2F /* docroot */; };
		965E09E31F04A85F009BBBD9 /* main.m in Sources */ = {isa = PBXBuildFile; fileRef = 965E09E21F04A85F009BBBD9 /* main.m */; };
		965E09E61F04A85F009BBBD9 /* AppDelegate.mm in Sources */ = {isa = PBXBuildFile; fileRef = 965E09E51F04A85F009BBBD9 /* AppDelegate.mm */; };
		965E09E91F04A85F009BBBD9 /* ViewController.m in Sources */ = {isa = PBXBuildFile; fileRef = 965E09E81F04A85F009BBBD9 /* ViewController.m */; };
		965E09EC1F04A85F009BBBD9 /* Main.storyboard in Resources */ = {isa = PBXBuildFile; fileRef = 965E09EA1F04A85F009BBBD9 /* Main.storyboard */; };
		965E09EE1F04A85F009BBBD9 /* Assets.xcassets in Resources */ = {isa = PBXBuildFile; fileRef = 965E09ED1F04A85F009BBBD9 /* Assets.xcassets */; };
		965E09F11F04A85F009BBBD9 /* LaunchScreen.storyboard in Resources */ = {isa = PBXBuildFile; fileRef = 965E09EF1F04A85F009BBBD9 /* LaunchScreen.storyboard */; };
		A4F7ACC66F0F0200934BADE0 /* libPods-QPlayer.a in Frameworks */ = {isa = PBXBuildFile; fileRef = 60680FC631705B531937CD6E /* libPods-QPlayer.a */; };
/* End PBXBuildFile section */

/* Begin PBXFileReference section */
		14203848233E4EE000DDA120 /* UIView+DYFAdd.h */ = {isa = PBXFileReference; fileEncoding = 4; lastKnownFileType = sourcecode.c.h; path = "UIView+DYFAdd.h"; sourceTree = "<group>"; };
		14203849233E4EE100DDA120 /* UIView+DYFAdd.m */ = {isa = PBXFileReference; fileEncoding = 4; lastKnownFileType = sourcecode.c.objc; path = "UIView+DYFAdd.m"; sourceTree = "<group>"; };
		1420384C233E68FC00DDA120 /* DYFDropListModel.m */ = {isa = PBXFileReference; fileEncoding = 4; lastKnownFileType = sourcecode.c.objc; path = DYFDropListModel.m; sourceTree = "<group>"; };
		1420384D233E68FD00DDA120 /* DYFDropListModel.h */ = {isa = PBXFileReference; fileEncoding = 4; lastKnownFileType = sourcecode.c.h; path = DYFDropListModel.h; sourceTree = "<group>"; };
		14203850233E69DA00DDA120 /* DYFDropListView.bundle */ = {isa = PBXFileReference; lastKnownFileType = "wrapper.plug-in"; path = DYFDropListView.bundle; sourceTree = "<group>"; };
		14203855233FA6CA00DDA120 /* DYFHttpClient.h */ = {isa = PBXFileReference; fileEncoding = 4; lastKnownFileType = sourcecode.c.h; path = DYFHttpClient.h; sourceTree = "<group>"; };
		14203856233FA6CA00DDA120 /* DYFHttpClient.m */ = {isa = PBXFileReference; fileEncoding = 4; lastKnownFileType = sourcecode.c.objc; path = DYFHttpClient.m; sourceTree = "<group>"; };
		1430B8AC234C3FBB00189025 /* KSYMediaPlayer.framework */ = {isa = PBXFileReference; lastKnownFileType = wrapper.framework; path = KSYMediaPlayer.framework; sourceTree = "<group>"; };
		1430B8AE234C3FBB00189025 /* KSYMediaPlayerManager.m */ = {isa = PBXFileReference; fileEncoding = 4; lastKnownFileType = sourcecode.c.objc; path = KSYMediaPlayerManager.m; sourceTree = "<group>"; };
		1430B8AF234C3FBB00189025 /* KSYMediaPlayerManager.h */ = {isa = PBXFileReference; fileEncoding = 4; lastKnownFileType = sourcecode.c.h; path = KSYMediaPlayerManager.h; sourceTree = "<group>"; };
		144B21EE2338A5EB00994F35 /* TabBarController.m */ = {isa = PBXFileReference; fileEncoding = 4; lastKnownFileType = sourcecode.c.objc; path = TabBarController.m; sourceTree = "<group>"; };
		144B21EF2338A5EB00994F35 /* TabBarController.h */ = {isa = PBXFileReference; fileEncoding = 4; lastKnownFileType = sourcecode.c.h; path = TabBarController.h; sourceTree = "<group>"; };
		144B21F42338A5EB00994F35 /* QPlayerController.m */ = {isa = PBXFileReference; fileEncoding = 4; lastKnownFileType = sourcecode.c.objc; path = QPlayerController.m; sourceTree = "<group>"; };
		144B21F52338A5EB00994F35 /* QPlayerController.h */ = {isa = PBXFileReference; fileEncoding = 4; lastKnownFileType = sourcecode.c.h; path = QPlayerController.h; sourceTree = "<group>"; };
		144B21F82338A5EC00994F35 /* HomeViewController.m */ = {isa = PBXFileReference; fileEncoding = 4; lastKnownFileType = sourcecode.c.objc; path = HomeViewController.m; sourceTree = "<group>"; };
		144B21F92338A5EC00994F35 /* HomeViewController.h */ = {isa = PBXFileReference; fileEncoding = 4; lastKnownFileType = sourcecode.c.h; path = HomeViewController.h; sourceTree = "<group>"; };
		144B21FB2338A5EC00994F35 /* FileModel.m */ = {isa = PBXFileReference; fileEncoding = 4; lastKnownFileType = sourcecode.c.objc; path = FileModel.m; sourceTree = "<group>"; };
		144B21FC2338A5EC00994F35 /* FileModel.h */ = {isa = PBXFileReference; fileEncoding = 4; lastKnownFileType = sourcecode.c.h; path = FileModel.h; sourceTree = "<group>"; };
		144B21FE2338A5EC00994F35 /* FileTableViewCell.m */ = {isa = PBXFileReference; fileEncoding = 4; lastKnownFileType = sourcecode.c.objc; path = FileTableViewCell.m; sourceTree = "<group>"; };
		144B21FF2338A5EC00994F35 /* FileTableViewCell.xib */ = {isa = PBXFileReference; fileEncoding = 4; lastKnownFileType = file.xib; path = FileTableViewCell.xib; sourceTree = "<group>"; };
		144B22002338A5EC00994F35 /* FileTableViewCell.h */ = {isa = PBXFileReference; fileEncoding = 4; lastKnownFileType = sourcecode.c.h; path = FileTableViewCell.h; sourceTree = "<group>"; };
		144B22032338A5EC00994F35 /* LiveViewController.h */ = {isa = PBXFileReference; fileEncoding = 4; lastKnownFileType = sourcecode.c.h; path = LiveViewController.h; sourceTree = "<group>"; };
		144B22042338A5EC00994F35 /* LiveViewController.m */ = {isa = PBXFileReference; fileEncoding = 4; lastKnownFileType = sourcecode.c.objc; path = LiveViewController.m; sourceTree = "<group>"; };
		144B22082338A5EC00994F35 /* SearchViewController.m */ = {isa = PBXFileReference; fileEncoding = 4; lastKnownFileType = sourcecode.c.objc; path = SearchViewController.m; sourceTree = "<group>"; };
		144B22092338A5EC00994F35 /* SearchViewController.h */ = {isa = PBXFileReference; fileEncoding = 4; lastKnownFileType = sourcecode.c.h; path = SearchViewController.h; sourceTree = "<group>"; };
		144B220C2338A5EC00994F35 /* SettingsViewController.h */ = {isa = PBXFileReference; fileEncoding = 4; lastKnownFileType = sourcecode.c.h; path = SettingsViewController.h; sourceTree = "<group>"; };
		144B220D2338A5EC00994F35 /* SettingsViewController.m */ = {isa = PBXFileReference; fileEncoding = 4; lastKnownFileType = sourcecode.c.objc; path = SettingsViewController.m; sourceTree = "<group>"; };
		144B221C233909C200994F35 /* DYFDropListView.h */ = {isa = PBXFileReference; lastKnownFileType = sourcecode.c.h; path = DYFDropListView.h; sourceTree = "<group>"; };
		144B221D233909C200994F35 /* DYFDropListView.m */ = {isa = PBXFileReference; lastKnownFileType = sourcecode.c.objc; path = DYFDropListView.m; sourceTree = "<group>"; };
		144B221F23390A7200994F35 /* DYFDropListViewCell.h */ = {isa = PBXFileReference; lastKnownFileType = sourcecode.c.h; path = DYFDropListViewCell.h; sourceTree = "<group>"; };
		144B222023390A7200994F35 /* DYFDropListViewCell.m */ = {isa = PBXFileReference; lastKnownFileType = sourcecode.c.objc; path = DYFDropListViewCell.m; sourceTree = "<group>"; };
		144B222123390A7200994F35 /* DYFDropListViewCell.xib */ = {isa = PBXFileReference; lastKnownFileType = file.xib; path = DYFDropListViewCell.xib; sourceTree = "<group>"; };
		145C6177234CD1C90077654D /* UIViewController+DYFAdd.h */ = {isa = PBXFileReference; fileEncoding = 4; lastKnownFileType = sourcecode.c.h; path = "UIViewController+DYFAdd.h"; sourceTree = "<group>"; };
		145C6178234CD1CA0077654D /* UIViewController+DYFAdd.m */ = {isa = PBXFileReference; fileEncoding = 4; lastKnownFileType = sourcecode.c.objc; path = "UIViewController+DYFAdd.m"; sourceTree = "<group>"; };
		1467B279233A0AD100526926 /* BaseView.m */ = {isa = PBXFileReference; fileEncoding = 4; lastKnownFileType = sourcecode.c.objc; path = BaseView.m; sourceTree = "<group>"; };
		1467B27A233A0AD100526926 /* BaseView.h */ = {isa = PBXFileReference; fileEncoding = 4; lastKnownFileType = sourcecode.c.h; path = BaseView.h; sourceTree = "<group>"; };
		1467B27E233A0B7800526926 /* QPTitleView.m */ = {isa = PBXFileReference; fileEncoding = 4; lastKnownFileType = sourcecode.c.objc; path = QPTitleView.m; sourceTree = "<group>"; };
		1467B27F233A0B7800526926 /* QPTitleView.h */ = {isa = PBXFileReference; fileEncoding = 4; lastKnownFileType = sourcecode.c.h; path = QPTitleView.h; sourceTree = "<group>"; };
		1467B284233A17AB00526926 /* QPGlobalDef.h */ = {isa = PBXFileReference; fileEncoding = 4; lastKnownFileType = sourcecode.c.h; path = QPGlobalDef.h; sourceTree = "<group>"; };
		1467B285233A17AB00526926 /* QPPchFile.h */ = {isa = PBXFileReference; fileEncoding = 4; lastKnownFileType = sourcecode.c.h; path = QPPchFile.h; sourceTree = "<group>"; };
		1467B286233A17AB00526926 /* QPMacros.h */ = {isa = PBXFileReference; fileEncoding = 4; lastKnownFileType = sourcecode.c.h; path = QPMacros.h; sourceTree = "<group>"; };
		1467B28B233A184C00526926 /* QPAppConst.m */ = {isa = PBXFileReference; fileEncoding = 4; lastKnownFileType = sourcecode.c.objc; path = QPAppConst.m; sourceTree = "<group>"; };
		1467B28C233A184C00526926 /* QPAppConst.h */ = {isa = PBXFileReference; fileEncoding = 4; lastKnownFileType = sourcecode.c.h; path = QPAppConst.h; sourceTree = "<group>"; };
		1467B297233A1AD200526926 /* AboutMeViewController.m */ = {isa = PBXFileReference; fileEncoding = 4; lastKnownFileType = sourcecode.c.objc; path = AboutMeViewController.m; sourceTree = "<group>"; };
		1467B298233A1AD200526926 /* AboutMeViewController.h */ = {isa = PBXFileReference; fileEncoding = 4; lastKnownFileType = sourcecode.c.h; path = AboutMeViewController.h; sourceTree = "<group>"; };
		1467B299233A1AD200526926 /* AboutMeViewController.xib */ = {isa = PBXFileReference; fileEncoding = 4; lastKnownFileType = file.xib; path = AboutMeViewController.xib; sourceTree = "<group>"; };
		1467B2A2233A447E00526926 /* AboutMeTableFooter.h */ = {isa = PBXFileReference; fileEncoding = 4; lastKnownFileType = sourcecode.c.h; path = AboutMeTableFooter.h; sourceTree = "<group>"; };
		1467B2A3233A447F00526926 /* AboutMeTableHeader.m */ = {isa = PBXFileReference; fileEncoding = 4; lastKnownFileType = sourcecode.c.objc; path = AboutMeTableHeader.m; sourceTree = "<group>"; };
		1467B2A4233A447F00526926 /* AboutMeTableHeader.xib */ = {isa = PBXFileReference; fileEncoding = 4; lastKnownFileType = file.xib; path = AboutMeTableHeader.xib; sourceTree = "<group>"; };
		1467B2A5233A447F00526926 /* AboutMeTableFooter.m */ = {isa = PBXFileReference; fileEncoding = 4; lastKnownFileType = sourcecode.c.objc; path = AboutMeTableFooter.m; sourceTree = "<group>"; };
		1467B2A6233A447F00526926 /* AboutMeTableFooter.xib */ = {isa = PBXFileReference; fileEncoding = 4; lastKnownFileType = file.xib; path = AboutMeTableFooter.xib; sourceTree = "<group>"; };
		1467B2A7233A448000526926 /* AboutMeTableHeader.h */ = {isa = PBXFileReference; fileEncoding = 4; lastKnownFileType = sourcecode.c.h; path = AboutMeTableHeader.h; sourceTree = "<group>"; };
		1467B2AC233A488E00526926 /* DYFDropListView.xib */ = {isa = PBXFileReference; lastKnownFileType = file.xib; path = DYFDropListView.xib; sourceTree = "<group>"; };
		1481C1F6210F01DA00F431BB /* BaseViewController.m */ = {isa = PBXFileReference; fileEncoding = 4; lastKnownFileType = sourcecode.c.objc; path = BaseViewController.m; sourceTree = "<group>"; };
		1481C1F7210F01DA00F431BB /* BaseNavigationController.m */ = {isa = PBXFileReference; fileEncoding = 4; lastKnownFileType = sourcecode.c.objc; path = BaseNavigationController.m; sourceTree = "<group>"; };
		1481C1F8210F01DA00F431BB /* BaseViewController.h */ = {isa = PBXFileReference; fileEncoding = 4; lastKnownFileType = sourcecode.c.h; path = BaseViewController.h; sourceTree = "<group>"; };
		1481C1F9210F01DA00F431BB /* BaseNavigationController.h */ = {isa = PBXFileReference; fileEncoding = 4; lastKnownFileType = sourcecode.c.h; path = BaseNavigationController.h; sourceTree = "<group>"; };
		1481C1FB210F01DA00F431BB /* BaseTableViewCell.m */ = {isa = PBXFileReference; fileEncoding = 4; lastKnownFileType = sourcecode.c.objc; path = BaseTableViewCell.m; sourceTree = "<group>"; };
		1481C1FC210F01DA00F431BB /* BaseTableViewCell.h */ = {isa = PBXFileReference; fileEncoding = 4; lastKnownFileType = sourcecode.c.h; path = BaseTableViewCell.h; sourceTree = "<group>"; };
		1481C201210F01DA00F431BB /* NSObject+JudgeNull.m */ = {isa = PBXFileReference; fileEncoding = 4; lastKnownFileType = sourcecode.c.objc; path = "NSObject+JudgeNull.m"; sourceTree = "<group>"; };
		1481C203210F01DA00F431BB /* NSObject+JudgeNull.h */ = {isa = PBXFileReference; fileEncoding = 4; lastKnownFileType = sourcecode.c.h; path = "NSObject+JudgeNull.h"; sourceTree = "<group>"; };
		1496B4AD20D5BA57004CE10C /* libz.tbd */ = {isa = PBXFileReference; lastKnownFileType = "sourcecode.text-based-dylib-definition"; name = libz.tbd; path = usr/lib/libz.tbd; sourceTree = SDKROOT; };
		14A80582233CB87400CEFF14 /* SafariServices.framework */ = {isa = PBXFileReference; lastKnownFileType = wrapper.framework; name = SafariServices.framework; path = System/Library/Frameworks/SafariServices.framework; sourceTree = SDKROOT; };
		14AD061B2337241F00C4AD4A /* AudioToolbox.framework */ = {isa = PBXFileReference; lastKnownFileType = wrapper.framework; name = AudioToolbox.framework; path = System/Library/Frameworks/AudioToolbox.framework; sourceTree = SDKROOT; };
		14AD061D2337246D00C4AD4A /* AVFoundation.framework */ = {isa = PBXFileReference; lastKnownFileType = wrapper.framework; name = AVFoundation.framework; path = System/Library/Frameworks/AVFoundation.framework; sourceTree = SDKROOT; };
		14AD061F2337247F00C4AD4A /* CoreGraphics.framework */ = {isa = PBXFileReference; lastKnownFileType = wrapper.framework; name = CoreGraphics.framework; path = System/Library/Frameworks/CoreGraphics.framework; sourceTree = SDKROOT; };
		14AD06212337248800C4AD4A /* CoreMedia.framework */ = {isa = PBXFileReference; lastKnownFileType = wrapper.framework; name = CoreMedia.framework; path = System/Library/Frameworks/CoreMedia.framework; sourceTree = SDKROOT; };
		14AD06232337249500C4AD4A /* CoreVideo.framework */ = {isa = PBXFileReference; lastKnownFileType = wrapper.framework; name = CoreVideo.framework; path = System/Library/Frameworks/CoreVideo.framework; sourceTree = SDKROOT; };
		14AD0625233724A000C4AD4A /* libbz2.tbd */ = {isa = PBXFileReference; lastKnownFileType = "sourcecode.text-based-dylib-definition"; name = libbz2.tbd; path = usr/lib/libbz2.tbd; sourceTree = SDKROOT; };
		14AD0627233724B500C4AD4A /* MediaPlayer.framework */ = {isa = PBXFileReference; lastKnownFileType = wrapper.framework; name = MediaPlayer.framework; path = System/Library/Frameworks/MediaPlayer.framework; sourceTree = SDKROOT; };
		14AD0629233724C400C4AD4A /* MobileCoreServices.framework */ = {isa = PBXFileReference; lastKnownFileType = wrapper.framework; name = MobileCoreServices.framework; path = System/Library/Frameworks/MobileCoreServices.framework; sourceTree = SDKROOT; };
		14AD062B233724D000C4AD4A /* OpenGLES.framework */ = {isa = PBXFileReference; lastKnownFileType = wrapper.framework; name = OpenGLES.framework; path = System/Library/Frameworks/OpenGLES.framework; sourceTree = SDKROOT; };
		14AD062D233724DC00C4AD4A /* QuartzCore.framework */ = {isa = PBXFileReference; lastKnownFileType = wrapper.framework; name = QuartzCore.framework; path = System/Library/Frameworks/QuartzCore.framework; sourceTree = SDKROOT; };
		14AD062F233724E400C4AD4A /* UIKit.framework */ = {isa = PBXFileReference; lastKnownFileType = wrapper.framework; name = UIKit.framework; path = System/Library/Frameworks/UIKit.framework; sourceTree = SDKROOT; };
		14AD0631233724F600C4AD4A /* VideoToolbox.framework */ = {isa = PBXFileReference; lastKnownFileType = wrapper.framework; name = VideoToolbox.framework; path = System/Library/Frameworks/VideoToolbox.framework; sourceTree = SDKROOT; };
		14AEFFD4233B981700DD6560 /* UILabel+DYFAdd.h */ = {isa = PBXFileReference; fileEncoding = 4; lastKnownFileType = sourcecode.c.h; path = "UILabel+DYFAdd.h"; sourceTree = "<group>"; };
		14AEFFD5233B981800DD6560 /* UILabel+DYFAdd.m */ = {isa = PBXFileReference; fileEncoding = 4; lastKnownFileType = sourcecode.c.objc; path = "UILabel+DYFAdd.m"; sourceTree = "<group>"; };
		14AEFFD8233BBA1500DD6560 /* QPHudObject.m */ = {isa = PBXFileReference; fileEncoding = 4; lastKnownFileType = sourcecode.c.objc; path = QPHudObject.m; sourceTree = "<group>"; };
		14AEFFD9233BBA1600DD6560 /* QPHudObject.h */ = {isa = PBXFileReference; fileEncoding = 4; lastKnownFileType = sourcecode.c.h; path = QPHudObject.h; sourceTree = "<group>"; };
		14F521BD232A270800C866D1 /* libc++.tbd */ = {isa = PBXFileReference; lastKnownFileType = "sourcecode.text-based-dylib-definition"; name = "libc++.tbd"; path = "usr/lib/libc++.tbd"; sourceTree = SDKROOT; };
		14F521BF232A274300C866D1 /* libc++.1.tbd */ = {isa = PBXFileReference; lastKnownFileType = "sourcecode.text-based-dylib-definition"; name = "libc++.1.tbd"; path = "usr/lib/libc++.1.tbd"; sourceTree = SDKROOT; };
		14F521CE232BCFC500C866D1 /* DYFProgressView.h */ = {isa = PBXFileReference; fileEncoding = 4; lastKnownFileType = sourcecode.c.h; path = DYFProgressView.h; sourceTree = "<group>"; };
		14F521CF232BCFC500C866D1 /* DYFWebProgressView.h */ = {isa = PBXFileReference; fileEncoding = 4; lastKnownFileType = sourcecode.c.h; path = DYFWebProgressView.h; sourceTree = "<group>"; };
		14F521D0232BCFC500C866D1 /* DYFProgressView.m */ = {isa = PBXFileReference; fileEncoding = 4; lastKnownFileType = sourcecode.c.objc; path = DYFProgressView.m; sourceTree = "<group>"; };
		14F521D1232BCFC500C866D1 /* DYFWebProgressView.m */ = {isa = PBXFileReference; fileEncoding = 4; lastKnownFileType = sourcecode.c.objc; path = DYFWebProgressView.m; sourceTree = "<group>"; };
		14F521D8232BCFC600C866D1 /* WifiManager.m */ = {isa = PBXFileReference; fileEncoding = 4; lastKnownFileType = sourcecode.c.objc; path = WifiManager.m; sourceTree = "<group>"; };
		14F521D9232BCFC600C866D1 /* WifiManager.h */ = {isa = PBXFileReference; fileEncoding = 4; lastKnownFileType = sourcecode.c.h; path = WifiManager.h; sourceTree = "<group>"; };
		14F521DB232BCFC600C866D1 /* FileHelper.m */ = {isa = PBXFileReference; fileEncoding = 4; lastKnownFileType = sourcecode.c.objc; path = FileHelper.m; sourceTree = "<group>"; };
		14F521DC232BCFC600C866D1 /* FileHelper.h */ = {isa = PBXFileReference; fileEncoding = 4; lastKnownFileType = sourcecode.c.h; path = FileHelper.h; sourceTree = "<group>"; };
		14F521DE232BCFC600C866D1 /* HistoryArchive.m */ = {isa = PBXFileReference; fileEncoding = 4; lastKnownFileType = sourcecode.c.objc; path = HistoryArchive.m; sourceTree = "<group>"; };
		14F521DF232BCFC600C866D1 /* HistoryArchive.h */ = {isa = PBXFileReference; fileEncoding = 4; lastKnownFileType = sourcecode.c.h; path = HistoryArchive.h; sourceTree = "<group>"; };
		14F52215232BF1D400C866D1 /* libxml2.tbd */ = {isa = PBXFileReference; lastKnownFileType = "sourcecode.text-based-dylib-definition"; name = libxml2.tbd; path = usr/lib/libxml2.tbd; sourceTree = SDKROOT; };
		14F52280232C00F200C866D1 /* OCGumbo+Query.h */ = {isa = PBXFileReference; fileEncoding = 4; lastKnownFileType = sourcecode.c.h; path = "OCGumbo+Query.h"; sourceTree = "<group>"; };
		14F52281232C00F200C866D1 /* OCGumbo+Query.m */ = {isa = PBXFileReference; fileEncoding = 4; lastKnownFileType = sourcecode.c.objc; path = "OCGumbo+Query.m"; sourceTree = "<group>"; };
		14F52282232C00F200C866D1 /* OCGumbo.h */ = {isa = PBXFileReference; fileEncoding = 4; lastKnownFileType = sourcecode.c.h; path = OCGumbo.h; sourceTree = "<group>"; };
		14F52283232C00F200C866D1 /* OCGumbo.m */ = {isa = PBXFileReference; fileEncoding = 4; lastKnownFileType = sourcecode.c.objc; path = OCGumbo.m; sourceTree = "<group>"; };
		14F52285232C00F300C866D1 /* string_buffer.c */ = {isa = PBXFileReference; fileEncoding = 4; lastKnownFileType = sourcecode.c.c; path = string_buffer.c; sourceTree = "<group>"; };
		14F52286232C00F300C866D1 /* error.h */ = {isa = PBXFileReference; fileEncoding = 4; lastKnownFileType = sourcecode.c.h; path = error.h; sourceTree = "<group>"; };
		14F52287232C00F300C866D1 /* tag_enum.h */ = {isa = PBXFileReference; fileEncoding = 4; lastKnownFileType = sourcecode.c.h; path = tag_enum.h; sourceTree = "<group>"; };
		14F52288232C00F300C866D1 /* util.c */ = {isa = PBXFileReference; fileEncoding = 4; lastKnownFileType = sourcecode.c.c; path = util.c; sourceTree = "<group>"; };
		14F52289232C00F300C866D1 /* char_ref.rl */ = {isa = PBXFileReference; fileEncoding = 4; lastKnownFileType = text; path = char_ref.rl; sourceTree = "<group>"; };
		14F5228A232C00F300C866D1 /* insertion_mode.h */ = {isa = PBXFileReference; fileEncoding = 4; lastKnownFileType = sourcecode.c.h; path = insertion_mode.h; sourceTree = "<group>"; };
		14F5228B232C00F300C866D1 /* parser.h */ = {isa = PBXFileReference; fileEncoding = 4; lastKnownFileType = sourcecode.c.h; path = parser.h; sourceTree = "<group>"; };
		14F5228C232C00F300C866D1 /* vector.c */ = {isa = PBXFileReference; fileEncoding = 4; lastKnownFileType = sourcecode.c.c; path = vector.c; sourceTree = "<group>"; };
		14F5228D232C00F300C866D1 /* attribute.c */ = {isa = PBXFileReference; fileEncoding = 4; lastKnownFileType = sourcecode.c.c; path = attribute.c; sourceTree = "<group>"; };
		14F5228E232C00F300C866D1 /* char_ref.c */ = {isa = PBXFileReference; fileEncoding = 4; lastKnownFileType = sourcecode.c.c; path = char_ref.c; sourceTree = "<group>"; };
		14F5228F232C00F300C866D1 /* tokenizer.h */ = {isa = PBXFileReference; fileEncoding = 4; lastKnownFileType = sourcecode.c.h; path = tokenizer.h; sourceTree = "<group>"; };
		14F52290232C00F300C866D1 /* utf8.c */ = {isa = PBXFileReference; fileEncoding = 4; lastKnownFileType = sourcecode.c.c; path = utf8.c; sourceTree = "<group>"; };
		14F52291232C00F300C866D1 /* string_piece.h */ = {isa = PBXFileReference; fileEncoding = 4; lastKnownFileType = sourcecode.c.h; path = string_piece.h; sourceTree = "<group>"; };
		14F52292232C00F300C866D1 /* tokenizer_states.h */ = {isa = PBXFileReference; fileEncoding = 4; lastKnownFileType = sourcecode.c.h; path = tokenizer_states.h; sourceTree = "<group>"; };
		14F52293232C00F300C866D1 /* token_type.h */ = {isa = PBXFileReference; fileEncoding = 4; lastKnownFileType = sourcecode.c.h; path = token_type.h; sourceTree = "<group>"; };
		14F52294232C00F300C866D1 /* tag_gperf.h */ = {isa = PBXFileReference; fileEncoding = 4; lastKnownFileType = sourcecode.c.h; path = tag_gperf.h; sourceTree = "<group>"; };
		14F52295232C00F300C866D1 /* string_buffer.h */ = {isa = PBXFileReference; fileEncoding = 4; lastKnownFileType = sourcecode.c.h; path = string_buffer.h; sourceTree = "<group>"; };
		14F52296232C00F300C866D1 /* error.c */ = {isa = PBXFileReference; fileEncoding = 4; lastKnownFileType = sourcecode.c.c; path = error.c; sourceTree = "<group>"; };
		14F52297232C00F300C866D1 /* tag.in */ = {isa = PBXFileReference; fileEncoding = 4; lastKnownFileType = text; path = tag.in; sourceTree = "<group>"; };
		14F52298232C00F300C866D1 /* util.h */ = {isa = PBXFileReference; fileEncoding = 4; lastKnownFileType = sourcecode.c.h; path = util.h; sourceTree = "<group>"; };
		14F52299232C00F300C866D1 /* tag.c */ = {isa = PBXFileReference; fileEncoding = 4; lastKnownFileType = sourcecode.c.c; path = tag.c; sourceTree = "<group>"; };
		14F5229A232C00F300C866D1 /* char_ref.h */ = {isa = PBXFileReference; fileEncoding = 4; lastKnownFileType = sourcecode.c.h; path = char_ref.h; sourceTree = "<group>"; };
		14F5229B232C00F300C866D1 /* vector.h */ = {isa = PBXFileReference; fileEncoding = 4; lastKnownFileType = sourcecode.c.h; path = vector.h; sourceTree = "<group>"; };
		14F5229C232C00F300C866D1 /* attribute.h */ = {isa = PBXFileReference; fileEncoding = 4; lastKnownFileType = sourcecode.c.h; path = attribute.h; sourceTree = "<group>"; };
		14F5229D232C00F300C866D1 /* parser.c */ = {isa = PBXFileReference; fileEncoding = 4; lastKnownFileType = sourcecode.c.c; path = parser.c; sourceTree = "<group>"; };
		14F5229E232C00F300C866D1 /* tag_sizes.h */ = {isa = PBXFileReference; fileEncoding = 4; lastKnownFileType = sourcecode.c.h; path = tag_sizes.h; sourceTree = "<group>"; };
		14F5229F232C00F300C866D1 /* tag_strings.h */ = {isa = PBXFileReference; fileEncoding = 4; lastKnownFileType = sourcecode.c.h; path = tag_strings.h; sourceTree = "<group>"; };
		14F522A0232C00F300C866D1 /* utf8.h */ = {isa = PBXFileReference; fileEncoding = 4; lastKnownFileType = sourcecode.c.h; path = utf8.h; sourceTree = "<group>"; };
		14F522A1232C00F300C866D1 /* tokenizer.c */ = {isa = PBXFileReference; fileEncoding = 4; lastKnownFileType = sourcecode.c.c; path = tokenizer.c; sourceTree = "<group>"; };
		14F522A2232C00F300C866D1 /* string_piece.c */ = {isa = PBXFileReference; fileEncoding = 4; lastKnownFileType = sourcecode.c.c; path = string_piece.c; sourceTree = "<group>"; };
		14F522A3232C00F300C866D1 /* gumbo.h */ = {isa = PBXFileReference; fileEncoding = 4; lastKnownFileType = sourcecode.c.h; path = gumbo.h; sourceTree = "<group>"; };
		60680FC631705B531937CD6E /* libPods-QPlayer.a */ = {isa = PBXFileReference; explicitFileType = archive.ar; includeInIndex = 0; path = "libPods-QPlayer.a"; sourceTree = BUILT_PRODUCTS_DIR; };
		96532C471F5E814E00E66A2F /* AsyncSocket.h */ = {isa = PBXFileReference; fileEncoding = 4; lastKnownFileType = sourcecode.c.h; path = AsyncSocket.h; sourceTree = "<group>"; };
		96532C481F5E814E00E66A2F /* AsyncSocket.m */ = {isa = PBXFileReference; fileEncoding = 4; lastKnownFileType = sourcecode.c.objc; path = AsyncSocket.m; sourceTree = "<group>"; };
		96532C491F5E814E00E66A2F /* DDData.h */ = {isa = PBXFileReference; fileEncoding = 4; lastKnownFileType = sourcecode.c.h; path = DDData.h; sourceTree = "<group>"; };
		96532C4A1F5E814E00E66A2F /* DDData.m */ = {isa = PBXFileReference; fileEncoding = 4; lastKnownFileType = sourcecode.c.objc; path = DDData.m; sourceTree = "<group>"; };
		96532C4B1F5E814E00E66A2F /* DDNumber.h */ = {isa = PBXFileReference; fileEncoding = 4; lastKnownFileType = sourcecode.c.h; path = DDNumber.h; sourceTree = "<group>"; };
		96532C4C1F5E814E00E66A2F /* DDNumber.m */ = {isa = PBXFileReference; fileEncoding = 4; lastKnownFileType = sourcecode.c.objc; path = DDNumber.m; sourceTree = "<group>"; };
		96532C4D1F5E814E00E66A2F /* DDRange.h */ = {isa = PBXFileReference; fileEncoding = 4; lastKnownFileType = sourcecode.c.h; path = DDRange.h; sourceTree = "<group>"; };
		96532C4E1F5E814E00E66A2F /* DDRange.m */ = {isa = PBXFileReference; fileEncoding = 4; lastKnownFileType = sourcecode.c.objc; path = DDRange.m; sourceTree = "<group>"; };
		96532C4F1F5E814E00E66A2F /* FileResource.h */ = {isa = PBXFileReference; fileEncoding = 4; lastKnownFileType = sourcecode.c.h; path = FileResource.h; sourceTree = "<group>"; };
		96532C501F5E814E00E66A2F /* FileResource.m */ = {isa = PBXFileReference; fileEncoding = 4; lastKnownFileType = sourcecode.c.objc; path = FileResource.m; sourceTree = "<group>"; };
		96532C511F5E814E00E66A2F /* HTTPAuthenticationRequest.h */ = {isa = PBXFileReference; fileEncoding = 4; lastKnownFileType = sourcecode.c.h; path = HTTPAuthenticationRequest.h; sourceTree = "<group>"; };
		96532C521F5E814E00E66A2F /* HTTPAuthenticationRequest.m */ = {isa = PBXFileReference; fileEncoding = 4; lastKnownFileType = sourcecode.c.objc; path = HTTPAuthenticationRequest.m; sourceTree = "<group>"; };
		96532C531F5E814E00E66A2F /* HTTPConnection.h */ = {isa = PBXFileReference; fileEncoding = 4; lastKnownFileType = sourcecode.c.h; path = HTTPConnection.h; sourceTree = "<group>"; };
		96532C541F5E814E00E66A2F /* HTTPConnection.m */ = {isa = PBXFileReference; fileEncoding = 4; lastKnownFileType = sourcecode.c.objc; path = HTTPConnection.m; sourceTree = "<group>"; };
		96532C551F5E814E00E66A2F /* HTTPResponse.h */ = {isa = PBXFileReference; fileEncoding = 4; lastKnownFileType = sourcecode.c.h; path = HTTPResponse.h; sourceTree = "<group>"; };
		96532C561F5E814E00E66A2F /* HTTPResponse.m */ = {isa = PBXFileReference; fileEncoding = 4; lastKnownFileType = sourcecode.c.objc; path = HTTPResponse.m; sourceTree = "<group>"; };
		96532C571F5E814E00E66A2F /* HTTPServer.h */ = {isa = PBXFileReference; fileEncoding = 4; lastKnownFileType = sourcecode.c.h; path = HTTPServer.h; sourceTree = "<group>"; };
		96532C581F5E814E00E66A2F /* HTTPServer.m */ = {isa = PBXFileReference; fileEncoding = 4; lastKnownFileType = sourcecode.c.objc; path = HTTPServer.m; sourceTree = "<group>"; };
		96532C601F5E814E00E66A2F /* RegexKitLite.h */ = {isa = PBXFileReference; fileEncoding = 4; lastKnownFileType = sourcecode.c.h; path = RegexKitLite.h; sourceTree = "<group>"; };
		96532C611F5E814E00E66A2F /* RegexKitLite.m */ = {isa = PBXFileReference; fileEncoding = 4; lastKnownFileType = sourcecode.c.objc; path = RegexKitLite.m; sourceTree = "<group>"; };
		96532C711F5E816000E66A2F /* docroot */ = {isa = PBXFileReference; lastKnownFileType = folder; path = docroot; sourceTree = "<group>"; };
		965E09DE1F04A85F009BBBD9 /* QPlayer.app */ = {isa = PBXFileReference; explicitFileType = wrapper.application; includeInIndex = 0; path = QPlayer.app; sourceTree = BUILT_PRODUCTS_DIR; };
		965E09E21F04A85F009BBBD9 /* main.m */ = {isa = PBXFileReference; lastKnownFileType = sourcecode.c.objc; path = main.m; sourceTree = "<group>"; };
		965E09E41F04A85F009BBBD9 /* AppDelegate.h */ = {isa = PBXFileReference; lastKnownFileType = sourcecode.c.h; path = AppDelegate.h; sourceTree = "<group>"; };
		965E09E51F04A85F009BBBD9 /* AppDelegate.mm */ = {isa = PBXFileReference; lastKnownFileType = sourcecode.cpp.objcpp; path = AppDelegate.mm; sourceTree = "<group>"; };
		965E09E71F04A85F009BBBD9 /* ViewController.h */ = {isa = PBXFileReference; lastKnownFileType = sourcecode.c.h; path = ViewController.h; sourceTree = "<group>"; };
		965E09E81F04A85F009BBBD9 /* ViewController.m */ = {isa = PBXFileReference; lastKnownFileType = sourcecode.c.objc; path = ViewController.m; sourceTree = "<group>"; };
		965E09EB1F04A85F009BBBD9 /* Base */ = {isa = PBXFileReference; lastKnownFileType = file.storyboard; name = Base; path = Base.lproj/Main.storyboard; sourceTree = "<group>"; };
		965E09ED1F04A85F009BBBD9 /* Assets.xcassets */ = {isa = PBXFileReference; lastKnownFileType = folder.assetcatalog; path = Assets.xcassets; sourceTree = "<group>"; };
		965E09F01F04A85F009BBBD9 /* Base */ = {isa = PBXFileReference; lastKnownFileType = file.storyboard; name = Base; path = Base.lproj/LaunchScreen.storyboard; sourceTree = "<group>"; };
		965E09F21F04A85F009BBBD9 /* Info.plist */ = {isa = PBXFileReference; lastKnownFileType = text.plist.xml; path = Info.plist; sourceTree = "<group>"; };
		965E0A141F04A896009BBBD9 /* AppPrefix.pch */ = {isa = PBXFileReference; lastKnownFileType = sourcecode.c.h; path = AppPrefix.pch; sourceTree = "<group>"; };
		ED8B739E8D60BF7E60F33C9C /* Pods-QPlayer.release.xcconfig */ = {isa = PBXFileReference; includeInIndex = 1; lastKnownFileType = text.xcconfig; name = "Pods-QPlayer.release.xcconfig"; path = "Pods/Target Support Files/Pods-QPlayer/Pods-QPlayer.release.xcconfig"; sourceTree = "<group>"; };
		EE34F78BEFFD28555D564773 /* Pods-QPlayer.debug.xcconfig */ = {isa = PBXFileReference; includeInIndex = 1; lastKnownFileType = text.xcconfig; name = "Pods-QPlayer.debug.xcconfig"; path = "Pods/Target Support Files/Pods-QPlayer/Pods-QPlayer.debug.xcconfig"; sourceTree = "<group>"; };
/* End PBXFileReference section */

/* Begin PBXFrameworksBuildPhase section */
		965E09DB1F04A85F009BBBD9 /* Frameworks */ = {
			isa = PBXFrameworksBuildPhase;
			buildActionMask = 2147483647;
			files = (
				14A80583233CB87400CEFF14 /* SafariServices.framework in Frameworks */,
				14AD0632233724F600C4AD4A /* VideoToolbox.framework in Frameworks */,
				14AD0630233724E500C4AD4A /* UIKit.framework in Frameworks */,
				14AD062E233724DC00C4AD4A /* QuartzCore.framework in Frameworks */,
				14AD062C233724D000C4AD4A /* OpenGLES.framework in Frameworks */,
				14AD062A233724C400C4AD4A /* MobileCoreServices.framework in Frameworks */,
				14AD0628233724B600C4AD4A /* MediaPlayer.framework in Frameworks */,
				14AD0626233724A000C4AD4A /* libbz2.tbd in Frameworks */,
				14AD06242337249500C4AD4A /* CoreVideo.framework in Frameworks */,
				14AD06222337248800C4AD4A /* CoreMedia.framework in Frameworks */,
				14AD06202337247F00C4AD4A /* CoreGraphics.framework in Frameworks */,
				14AD061E2337246D00C4AD4A /* AVFoundation.framework in Frameworks */,
				14AD061C2337242000C4AD4A /* AudioToolbox.framework in Frameworks */,
				14F52216232BF1D400C866D1 /* libxml2.tbd in Frameworks */,
				1430B8B0234C3FBC00189025 /* KSYMediaPlayer.framework in Frameworks */,
				14F521C1232A28EF00C866D1 /* libc++.tbd in Frameworks */,
				1496B4AE20D5BA57004CE10C /* libz.tbd in Frameworks */,
				A4F7ACC66F0F0200934BADE0 /* libPods-QPlayer.a in Frameworks */,
			);
			runOnlyForDeploymentPostprocessing = 0;
		};
/* End PBXFrameworksBuildPhase section */

/* Begin PBXGroup section */
		1420384B233E68FC00DDA120 /* Model */ = {
			isa = PBXGroup;
			children = (
				1420384D233E68FD00DDA120 /* DYFDropListModel.h */,
				1420384C233E68FC00DDA120 /* DYFDropListModel.m */,
			);
			path = Model;
			sourceTree = "<group>";
		};
		1420384F233E69DA00DDA120 /* Resources */ = {
			isa = PBXGroup;
			children = (
				14203850233E69DA00DDA120 /* DYFDropListView.bundle */,
			);
			path = Resources;
			sourceTree = "<group>";
		};
		14203854233FA6CA00DDA120 /* Network */ = {
			isa = PBXGroup;
			children = (
				14203855233FA6CA00DDA120 /* DYFHttpClient.h */,
				14203856233FA6CA00DDA120 /* DYFHttpClient.m */,
			);
			path = Network;
			sourceTree = "<group>";
		};
		1430B8AB234C3FBB00189025 /* KSYMediaPlayer_vod */ = {
			isa = PBXGroup;
			children = (
				1430B8AC234C3FBB00189025 /* KSYMediaPlayer.framework */,
				1430B8AD234C3FBB00189025 /* KSYMediaPlayerManager */,
			);
			path = KSYMediaPlayer_vod;
			sourceTree = "<group>";
		};
		1430B8AD234C3FBB00189025 /* KSYMediaPlayerManager */ = {
			isa = PBXGroup;
			children = (
				1430B8AF234C3FBB00189025 /* KSYMediaPlayerManager.h */,
				1430B8AE234C3FBB00189025 /* KSYMediaPlayerManager.m */,
			);
			path = KSYMediaPlayerManager;
			sourceTree = "<group>";
		};
		144B21EC2338A5EB00994F35 /* TabBar */ = {
			isa = PBXGroup;
			children = (
				144B21ED2338A5EB00994F35 /* Controller */,
			);
			path = TabBar;
			sourceTree = "<group>";
		};
		144B21ED2338A5EB00994F35 /* Controller */ = {
			isa = PBXGroup;
			children = (
				144B21EF2338A5EB00994F35 /* TabBarController.h */,
				144B21EE2338A5EB00994F35 /* TabBarController.m */,
			);
			path = Controller;
			sourceTree = "<group>";
		};
		144B21F02338A5EB00994F35 /* AboutMe */ = {
			isa = PBXGroup;
			children = (
				1467B296233A1AD200526926 /* Controller */,
				1467B291233A1AD200526926 /* View */,
			);
			path = AboutMe;
			sourceTree = "<group>";
		};
		144B21F22338A5EB00994F35 /* Play */ = {
			isa = PBXGroup;
			children = (
				144B21F32338A5EB00994F35 /* Controller */,
			);
			path = Play;
			sourceTree = "<group>";
		};
		144B21F32338A5EB00994F35 /* Controller */ = {
			isa = PBXGroup;
			children = (
				144B21F52338A5EB00994F35 /* QPlayerController.h */,
				144B21F42338A5EB00994F35 /* QPlayerController.m */,
			);
			path = Controller;
			sourceTree = "<group>";
		};
		144B21F62338A5EC00994F35 /* Home */ = {
			isa = PBXGroup;
			children = (
				144B21F72338A5EC00994F35 /* Controller */,
				144B21FA2338A5EC00994F35 /* Model */,
				144B21FD2338A5EC00994F35 /* View */,
			);
			path = Home;
			sourceTree = "<group>";
		};
		144B21F72338A5EC00994F35 /* Controller */ = {
			isa = PBXGroup;
			children = (
				144B21F92338A5EC00994F35 /* HomeViewController.h */,
				144B21F82338A5EC00994F35 /* HomeViewController.m */,
			);
			path = Controller;
			sourceTree = "<group>";
		};
		144B21FA2338A5EC00994F35 /* Model */ = {
			isa = PBXGroup;
			children = (
				144B21FC2338A5EC00994F35 /* FileModel.h */,
				144B21FB2338A5EC00994F35 /* FileModel.m */,
			);
			path = Model;
			sourceTree = "<group>";
		};
		144B21FD2338A5EC00994F35 /* View */ = {
			isa = PBXGroup;
			children = (
				144B22002338A5EC00994F35 /* FileTableViewCell.h */,
				144B21FE2338A5EC00994F35 /* FileTableViewCell.m */,
				144B21FF2338A5EC00994F35 /* FileTableViewCell.xib */,
			);
			path = View;
			sourceTree = "<group>";
		};
		144B22012338A5EC00994F35 /* Live */ = {
			isa = PBXGroup;
			children = (
				144B22022338A5EC00994F35 /* Controller */,
				1420384B233E68FC00DDA120 /* Model */,
				1420384F233E69DA00DDA120 /* Resources */,
				144B22052338A5EC00994F35 /* View */,
			);
			path = Live;
			sourceTree = "<group>";
		};
		144B22022338A5EC00994F35 /* Controller */ = {
			isa = PBXGroup;
			children = (
				144B22032338A5EC00994F35 /* LiveViewController.h */,
				144B22042338A5EC00994F35 /* LiveViewController.m */,
			);
			path = Controller;
			sourceTree = "<group>";
		};
		144B22052338A5EC00994F35 /* View */ = {
			isa = PBXGroup;
			children = (
				144B221C233909C200994F35 /* DYFDropListView.h */,
				144B221D233909C200994F35 /* DYFDropListView.m */,
				1467B2AC233A488E00526926 /* DYFDropListView.xib */,
				144B221F23390A7200994F35 /* DYFDropListViewCell.h */,
				144B222023390A7200994F35 /* DYFDropListViewCell.m */,
				144B222123390A7200994F35 /* DYFDropListViewCell.xib */,
			);
			path = View;
			sourceTree = "<group>";
		};
		144B22062338A5EC00994F35 /* Search */ = {
			isa = PBXGroup;
			children = (
				144B22072338A5EC00994F35 /* Controller */,
			);
			path = Search;
			sourceTree = "<group>";
		};
		144B22072338A5EC00994F35 /* Controller */ = {
			isa = PBXGroup;
			children = (
				144B22092338A5EC00994F35 /* SearchViewController.h */,
				144B22082338A5EC00994F35 /* SearchViewController.m */,
			);
			path = Controller;
			sourceTree = "<group>";
		};
		144B220A2338A5EC00994F35 /* Settings */ = {
			isa = PBXGroup;
			children = (
				144B220B2338A5EC00994F35 /* Controller */,
			);
			path = Settings;
			sourceTree = "<group>";
		};
		144B220B2338A5EC00994F35 /* Controller */ = {
			isa = PBXGroup;
			children = (
				144B220C2338A5EC00994F35 /* SettingsViewController.h */,
				144B220D2338A5EC00994F35 /* SettingsViewController.m */,
			);
			path = Controller;
			sourceTree = "<group>";
		};
		1467B27C233A0B7800526926 /* Common */ = {
			isa = PBXGroup;
			children = (
				14AEFFD7233BB7EA00DD6560 /* Object */,
				1467B27D233A0B7800526926 /* View */,
			);
			path = Common;
			sourceTree = "<group>";
		};
		1467B27D233A0B7800526926 /* View */ = {
			isa = PBXGroup;
			children = (
				1467B27F233A0B7800526926 /* QPTitleView.h */,
				1467B27E233A0B7800526926 /* QPTitleView.m */,
			);
			path = View;
			sourceTree = "<group>";
		};
		1467B281233A17AB00526926 /* Configuration */ = {
			isa = PBXGroup;
			children = (
				1467B282233A17AB00526926 /* Const */,
				1467B283233A17AB00526926 /* Header */,
			);
			path = Configuration;
			sourceTree = "<group>";
		};
		1467B282233A17AB00526926 /* Const */ = {
			isa = PBXGroup;
			children = (
				1467B28C233A184C00526926 /* QPAppConst.h */,
				1467B28B233A184C00526926 /* QPAppConst.m */,
			);
			path = Const;
			sourceTree = "<group>";
		};
		1467B283233A17AB00526926 /* Header */ = {
			isa = PBXGroup;
			children = (
				1467B284233A17AB00526926 /* QPGlobalDef.h */,
				1467B285233A17AB00526926 /* QPPchFile.h */,
				1467B286233A17AB00526926 /* QPMacros.h */,
			);
			path = Header;
			sourceTree = "<group>";
		};
		1467B291233A1AD200526926 /* View */ = {
			isa = PBXGroup;
			children = (
				1467B2A2233A447E00526926 /* AboutMeTableFooter.h */,
				1467B2A5233A447F00526926 /* AboutMeTableFooter.m */,
				1467B2A6233A447F00526926 /* AboutMeTableFooter.xib */,
				1467B2A7233A448000526926 /* AboutMeTableHeader.h */,
				1467B2A3233A447F00526926 /* AboutMeTableHeader.m */,
				1467B2A4233A447F00526926 /* AboutMeTableHeader.xib */,
			);
			path = View;
			sourceTree = "<group>";
		};
		1467B296233A1AD200526926 /* Controller */ = {
			isa = PBXGroup;
			children = (
				1467B298233A1AD200526926 /* AboutMeViewController.h */,
				1467B297233A1AD200526926 /* AboutMeViewController.m */,
				1467B299233A1AD200526926 /* AboutMeViewController.xib */,
			);
			path = Controller;
			sourceTree = "<group>";
		};
		1481C1A9210F018A00F431BB /* Classes */ = {
			isa = PBXGroup;
			children = (
				1481C1F4210F01DA00F431BB /* Base */,
				1481C200210F01DA00F431BB /* Category */,
				1467B281233A17AB00526926 /* Configuration */,
				1481C211210F01DA00F431BB /* Module */,
				1481C205210F01DA00F431BB /* Tools */,
			);
			path = Classes;
			sourceTree = "<group>";
		};
		1481C1F4210F01DA00F431BB /* Base */ = {
			isa = PBXGroup;
			children = (
				1481C1F5210F01DA00F431BB /* Controller */,
				1481C1FA210F01DA00F431BB /* View */,
			);
			path = Base;
			sourceTree = "<group>";
		};
		1481C1F5210F01DA00F431BB /* Controller */ = {
			isa = PBXGroup;
			children = (
				1481C1F8210F01DA00F431BB /* BaseViewController.h */,
				1481C1F6210F01DA00F431BB /* BaseViewController.m */,
				1481C1F9210F01DA00F431BB /* BaseNavigationController.h */,
				1481C1F7210F01DA00F431BB /* BaseNavigationController.m */,
			);
			path = Controller;
			sourceTree = "<group>";
		};
		1481C1FA210F01DA00F431BB /* View */ = {
			isa = PBXGroup;
			children = (
				1481C1FC210F01DA00F431BB /* BaseTableViewCell.h */,
				1481C1FB210F01DA00F431BB /* BaseTableViewCell.m */,
				1467B27A233A0AD100526926 /* BaseView.h */,
				1467B279233A0AD100526926 /* BaseView.m */,
			);
			path = View;
			sourceTree = "<group>";
		};
		1481C200210F01DA00F431BB /* Category */ = {
			isa = PBXGroup;
			children = (
				1481C203210F01DA00F431BB /* NSObject+JudgeNull.h */,
				1481C201210F01DA00F431BB /* NSObject+JudgeNull.m */,
				14AEFFD4233B981700DD6560 /* UILabel+DYFAdd.h */,
				14AEFFD5233B981800DD6560 /* UILabel+DYFAdd.m */,
				14203848233E4EE000DDA120 /* UIView+DYFAdd.h */,
				14203849233E4EE100DDA120 /* UIView+DYFAdd.m */,
				145C6177234CD1C90077654D /* UIViewController+DYFAdd.h */,
				145C6178234CD1CA0077654D /* UIViewController+DYFAdd.m */,
			);
			path = Category;
			sourceTree = "<group>";
		};
		1481C205210F01DA00F431BB /* Tools */ = {
			isa = PBXGroup;
			children = (
				14F521DA232BCFC600C866D1 /* FileHelper */,
				14F521DD232BCFC600C866D1 /* HistoryManager */,
				14203854233FA6CA00DDA120 /* Network */,
				14F521D2232BCFC500C866D1 /* OCGumbo */,
				14F521CD232BCFC500C866D1 /* ProgressView */,
				14F521D7232BCFC600C866D1 /* WifiManager */,
			);
			path = Tools;
			sourceTree = "<group>";
		};
		1481C211210F01DA00F431BB /* Module */ = {
			isa = PBXGroup;
			children = (
				144B21F02338A5EB00994F35 /* AboutMe */,
				1467B27C233A0B7800526926 /* Common */,
				144B21F62338A5EC00994F35 /* Home */,
				144B22012338A5EC00994F35 /* Live */,
				144B21F22338A5EB00994F35 /* Play */,
				144B22062338A5EC00994F35 /* Search */,
				144B220A2338A5EC00994F35 /* Settings */,
				144B21EC2338A5EB00994F35 /* TabBar */,
			);
			path = Module;
			sourceTree = "<group>";
		};
		14AEFFD7233BB7EA00DD6560 /* Object */ = {
			isa = PBXGroup;
			children = (
				14AEFFD9233BBA1600DD6560 /* QPHudObject.h */,
				14AEFFD8233BBA1500DD6560 /* QPHudObject.m */,
			);
			path = Object;
			sourceTree = "<group>";
		};
		14F521CD232BCFC500C866D1 /* ProgressView */ = {
			isa = PBXGroup;
			children = (
				14F521CE232BCFC500C866D1 /* DYFProgressView.h */,
				14F521D0232BCFC500C866D1 /* DYFProgressView.m */,
				14F521CF232BCFC500C866D1 /* DYFWebProgressView.h */,
				14F521D1232BCFC500C866D1 /* DYFWebProgressView.m */,
			);
			path = ProgressView;
			sourceTree = "<group>";
		};
		14F521D2232BCFC500C866D1 /* OCGumbo */ = {
			isa = PBXGroup;
			children = (
				14F52284232C00F200C866D1 /* gumbo */,
				14F52282232C00F200C866D1 /* OCGumbo.h */,
				14F52283232C00F200C866D1 /* OCGumbo.m */,
				14F52280232C00F200C866D1 /* OCGumbo+Query.h */,
				14F52281232C00F200C866D1 /* OCGumbo+Query.m */,
			);
			path = OCGumbo;
			sourceTree = "<group>";
		};
		14F521D7232BCFC600C866D1 /* WifiManager */ = {
			isa = PBXGroup;
			children = (
				14F521D9232BCFC600C866D1 /* WifiManager.h */,
				14F521D8232BCFC600C866D1 /* WifiManager.m */,
			);
			path = WifiManager;
			sourceTree = "<group>";
		};
		14F521DA232BCFC600C866D1 /* FileHelper */ = {
			isa = PBXGroup;
			children = (
				14F521DC232BCFC600C866D1 /* FileHelper.h */,
				14F521DB232BCFC600C866D1 /* FileHelper.m */,
			);
			path = FileHelper;
			sourceTree = "<group>";
		};
		14F521DD232BCFC600C866D1 /* HistoryManager */ = {
			isa = PBXGroup;
			children = (
				14F521DF232BCFC600C866D1 /* HistoryArchive.h */,
				14F521DE232BCFC600C866D1 /* HistoryArchive.m */,
			);
			path = HistoryManager;
			sourceTree = "<group>";
		};
		14F52284232C00F200C866D1 /* gumbo */ = {
			isa = PBXGroup;
			children = (
				14F52285232C00F300C866D1 /* string_buffer.c */,
				14F52286232C00F300C866D1 /* error.h */,
				14F52287232C00F300C866D1 /* tag_enum.h */,
				14F52288232C00F300C866D1 /* util.c */,
				14F52289232C00F300C866D1 /* char_ref.rl */,
				14F5228A232C00F300C866D1 /* insertion_mode.h */,
				14F5228B232C00F300C866D1 /* parser.h */,
				14F5228C232C00F300C866D1 /* vector.c */,
				14F5228D232C00F300C866D1 /* attribute.c */,
				14F5228E232C00F300C866D1 /* char_ref.c */,
				14F5228F232C00F300C866D1 /* tokenizer.h */,
				14F52290232C00F300C866D1 /* utf8.c */,
				14F52291232C00F300C866D1 /* string_piece.h */,
				14F52292232C00F300C866D1 /* tokenizer_states.h */,
				14F52293232C00F300C866D1 /* token_type.h */,
				14F52294232C00F300C866D1 /* tag_gperf.h */,
				14F52295232C00F300C866D1 /* string_buffer.h */,
				14F52296232C00F300C866D1 /* error.c */,
				14F52297232C00F300C866D1 /* tag.in */,
				14F52298232C00F300C866D1 /* util.h */,
				14F52299232C00F300C866D1 /* tag.c */,
				14F5229A232C00F300C866D1 /* char_ref.h */,
				14F5229B232C00F300C866D1 /* vector.h */,
				14F5229C232C00F300C866D1 /* attribute.h */,
				14F5229D232C00F300C866D1 /* parser.c */,
				14F5229E232C00F300C866D1 /* tag_sizes.h */,
				14F5229F232C00F300C866D1 /* tag_strings.h */,
				14F522A0232C00F300C866D1 /* utf8.h */,
				14F522A1232C00F300C866D1 /* tokenizer.c */,
				14F522A2232C00F300C866D1 /* string_piece.c */,
				14F522A3232C00F300C866D1 /* gumbo.h */,
			);
			path = gumbo;
			sourceTree = "<group>";
		};
		63FBA0E1EBD306C3E29D621E /* Pods */ = {
			isa = PBXGroup;
			children = (
				EE34F78BEFFD28555D564773 /* Pods-QPlayer.debug.xcconfig */,
				ED8B739E8D60BF7E60F33C9C /* Pods-QPlayer.release.xcconfig */,
			);
			name = Pods;
			sourceTree = "<group>";
		};
		961B32F51F04D24900670B61 /* Vendor */ = {
			isa = PBXGroup;
			children = (
				96532C451F5E814E00E66A2F /* CocoaWebResource */,
			);
			path = Vendor;
			sourceTree = "<group>";
		};
		96532C451F5E814E00E66A2F /* CocoaWebResource */ = {
			isa = PBXGroup;
			children = (
				96532C711F5E816000E66A2F /* docroot */,
				96532C461F5E814E00E66A2F /* CocoaWebResource */,
				96532C5F1F5E814E00E66A2F /* RegexKitLite */,
			);
			path = CocoaWebResource;
			sourceTree = "<group>";
		};
		96532C461F5E814E00E66A2F /* CocoaWebResource */ = {
			isa = PBXGroup;
			children = (
				96532C471F5E814E00E66A2F /* AsyncSocket.h */,
				96532C481F5E814E00E66A2F /* AsyncSocket.m */,
				96532C491F5E814E00E66A2F /* DDData.h */,
				96532C4A1F5E814E00E66A2F /* DDData.m */,
				96532C4B1F5E814E00E66A2F /* DDNumber.h */,
				96532C4C1F5E814E00E66A2F /* DDNumber.m */,
				96532C4D1F5E814E00E66A2F /* DDRange.h */,
				96532C4E1F5E814E00E66A2F /* DDRange.m */,
				96532C4F1F5E814E00E66A2F /* FileResource.h */,
				96532C501F5E814E00E66A2F /* FileResource.m */,
				96532C511F5E814E00E66A2F /* HTTPAuthenticationRequest.h */,
				96532C521F5E814E00E66A2F /* HTTPAuthenticationRequest.m */,
				96532C531F5E814E00E66A2F /* HTTPConnection.h */,
				96532C541F5E814E00E66A2F /* HTTPConnection.m */,
				96532C551F5E814E00E66A2F /* HTTPResponse.h */,
				96532C561F5E814E00E66A2F /* HTTPResponse.m */,
				96532C571F5E814E00E66A2F /* HTTPServer.h */,
				96532C581F5E814E00E66A2F /* HTTPServer.m */,
			);
			path = CocoaWebResource;
			sourceTree = "<group>";
		};
		96532C5F1F5E814E00E66A2F /* RegexKitLite */ = {
			isa = PBXGroup;
			children = (
				96532C601F5E814E00E66A2F /* RegexKitLite.h */,
				96532C611F5E814E00E66A2F /* RegexKitLite.m */,
			);
			path = RegexKitLite;
			sourceTree = "<group>";
		};
		965E09D51F04A85F009BBBD9 = {
			isa = PBXGroup;
			children = (
				1481C1A9210F018A00F431BB /* Classes */,
				F64D47BF8EF197EFA3197BA4 /* Frameworks */,
				1430B8AB234C3FBB00189025 /* KSYMediaPlayer_vod */,
				63FBA0E1EBD306C3E29D621E /* Pods */,
				965E09DF1F04A85F009BBBD9 /* Products */,
				965E09E01F04A85F009BBBD9 /* QPlayer */,
				961B32F51F04D24900670B61 /* Vendor */,
			);
			sourceTree = "<group>";
		};
		965E09DF1F04A85F009BBBD9 /* Products */ = {
			isa = PBXGroup;
			children = (
				965E09DE1F04A85F009BBBD9 /* QPlayer.app */,
			);
			name = Products;
			sourceTree = "<group>";
		};
		965E09E01F04A85F009BBBD9 /* QPlayer */ = {
			isa = PBXGroup;
			children = (
				965E09E41F04A85F009BBBD9 /* AppDelegate.h */,
				965E09E51F04A85F009BBBD9 /* AppDelegate.mm */,
				965E09E71F04A85F009BBBD9 /* ViewController.h */,
				965E09E81F04A85F009BBBD9 /* ViewController.m */,
				965E09EA1F04A85F009BBBD9 /* Main.storyboard */,
				965E09ED1F04A85F009BBBD9 /* Assets.xcassets */,
				965E09EF1F04A85F009BBBD9 /* LaunchScreen.storyboard */,
				965E09F21F04A85F009BBBD9 /* Info.plist */,
				965E09E11F04A85F009BBBD9 /* Supporting Files */,
			);
			path = QPlayer;
			sourceTree = "<group>";
		};
		965E09E11F04A85F009BBBD9 /* Supporting Files */ = {
			isa = PBXGroup;
			children = (
				965E09E21F04A85F009BBBD9 /* main.m */,
				965E0A141F04A896009BBBD9 /* AppPrefix.pch */,
			);
			name = "Supporting Files";
			sourceTree = "<group>";
		};
		F64D47BF8EF197EFA3197BA4 /* Frameworks */ = {
			isa = PBXGroup;
			children = (
				14A80582233CB87400CEFF14 /* SafariServices.framework */,
				14AD0631233724F600C4AD4A /* VideoToolbox.framework */,
				14AD062F233724E400C4AD4A /* UIKit.framework */,
				14AD062D233724DC00C4AD4A /* QuartzCore.framework */,
				14AD062B233724D000C4AD4A /* OpenGLES.framework */,
				14AD0629233724C400C4AD4A /* MobileCoreServices.framework */,
				14AD0627233724B500C4AD4A /* MediaPlayer.framework */,
				14AD0625233724A000C4AD4A /* libbz2.tbd */,
				14AD06232337249500C4AD4A /* CoreVideo.framework */,
				14AD06212337248800C4AD4A /* CoreMedia.framework */,
				14AD061F2337247F00C4AD4A /* CoreGraphics.framework */,
				14AD061D2337246D00C4AD4A /* AVFoundation.framework */,
				14AD061B2337241F00C4AD4A /* AudioToolbox.framework */,
				14F52215232BF1D400C866D1 /* libxml2.tbd */,
				14F521BF232A274300C866D1 /* libc++.1.tbd */,
				14F521BD232A270800C866D1 /* libc++.tbd */,
				1496B4AD20D5BA57004CE10C /* libz.tbd */,
				60680FC631705B531937CD6E /* libPods-QPlayer.a */,
			);
			name = Frameworks;
			sourceTree = "<group>";
		};
/* End PBXGroup section */

/* Begin PBXNativeTarget section */
		965E09DD1F04A85F009BBBD9 /* QPlayer */ = {
			isa = PBXNativeTarget;
			buildConfigurationList = 965E0A0B1F04A85F009BBBD9 /* Build configuration list for PBXNativeTarget "QPlayer" */;
			buildPhases = (
				4E6A463EF8B97AA512FB2D02 /* [CP] Check Pods Manifest.lock */,
				965E09DA1F04A85F009BBBD9 /* Sources */,
				965E09DB1F04A85F009BBBD9 /* Frameworks */,
				965E09DC1F04A85F009BBBD9 /* Resources */,
				B0ABDA19ABFBBE814B7C7D81 /* [CP] Copy Pods Resources */,
			);
			buildRules = (
			);
			dependencies = (
			);
			name = QPlayer;
			productName = QVPlayer;
			productReference = 965E09DE1F04A85F009BBBD9 /* QPlayer.app */;
			productType = "com.apple.product-type.application";
		};
/* End PBXNativeTarget section */

/* Begin PBXProject section */
		965E09D61F04A85F009BBBD9 /* Project object */ = {
			isa = PBXProject;
			attributes = {
				CLASSPREFIX = DYF;
				LastUpgradeCheck = 0730;
				ORGANIZATIONNAME = dyf;
				TargetAttributes = {
					965E09DD1F04A85F009BBBD9 = {
						CreatedOnToolsVersion = 7.3.1;
						DevelopmentTeam = KCBQ48PTUV;
						ProvisioningStyle = Automatic;
					};
				};
			};
			buildConfigurationList = 965E09D91F04A85F009BBBD9 /* Build configuration list for PBXProject "QPlayer" */;
			compatibilityVersion = "Xcode 3.2";
			developmentRegion = English;
			hasScannedForEncodings = 0;
			knownRegions = (
				English,
				en,
				Base,
			);
			mainGroup = 965E09D51F04A85F009BBBD9;
			productRefGroup = 965E09DF1F04A85F009BBBD9 /* Products */;
			projectDirPath = "";
			projectRoot = "";
			targets = (
				965E09DD1F04A85F009BBBD9 /* QPlayer */,
			);
		};
/* End PBXProject section */

/* Begin PBXResourcesBuildPhase section */
		965E09DC1F04A85F009BBBD9 /* Resources */ = {
			isa = PBXResourcesBuildPhase;
			buildActionMask = 2147483647;
			files = (
				144B22132338A5EC00994F35 /* FileTableViewCell.xib in Resources */,
				96532C721F5E816000E66A2F /* docroot in Resources */,
				965E09F11F04A85F009BBBD9 /* LaunchScreen.storyboard in Resources */,
				1467B2AD233A488E00526926 /* DYFDropListView.xib in Resources */,
				965E09EE1F04A85F009BBBD9 /* Assets.xcassets in Resources */,
				1467B29D233A1AD300526926 /* AboutMeViewController.xib in Resources */,
				14F522A8232C00F300C866D1 /* char_ref.rl in Resources */,
				14F522AE232C00F300C866D1 /* tag.in in Resources */,
				14203851233E69DA00DDA120 /* DYFDropListView.bundle in Resources */,
				1467B2AB233A448000526926 /* AboutMeTableFooter.xib in Resources */,
				144B222323390A7200994F35 /* DYFDropListViewCell.xib in Resources */,
				965E09EC1F04A85F009BBBD9 /* Main.storyboard in Resources */,
				1467B2A9233A448000526926 /* AboutMeTableHeader.xib in Resources */,
			);
			runOnlyForDeploymentPostprocessing = 0;
		};
/* End PBXResourcesBuildPhase section */

/* Begin PBXShellScriptBuildPhase section */
		4E6A463EF8B97AA512FB2D02 /* [CP] Check Pods Manifest.lock */ = {
			isa = PBXShellScriptBuildPhase;
			buildActionMask = 2147483647;
			files = (
			);
			inputPaths = (
				"${PODS_PODFILE_DIR_PATH}/Podfile.lock",
				"${PODS_ROOT}/Manifest.lock",
			);
			name = "[CP] Check Pods Manifest.lock";
			outputPaths = (
				"$(DERIVED_FILE_DIR)/Pods-QPlayer-checkManifestLockResult.txt",
			);
			runOnlyForDeploymentPostprocessing = 0;
			shellPath = /bin/sh;
			shellScript = "diff \"${PODS_PODFILE_DIR_PATH}/Podfile.lock\" \"${PODS_ROOT}/Manifest.lock\" > /dev/null\nif [ $? != 0 ] ; then\n    # print error to STDERR\n    echo \"error: The sandbox is not in sync with the Podfile.lock. Run 'pod install' or update your CocoaPods installation.\" >&2\n    exit 1\nfi\n# This output is used by Xcode 'outputs' to avoid re-running this script phase.\necho \"SUCCESS\" > \"${SCRIPT_OUTPUT_FILE_0}\"\n";
			showEnvVarsInLog = 0;
		};
		B0ABDA19ABFBBE814B7C7D81 /* [CP] Copy Pods Resources */ = {
			isa = PBXShellScriptBuildPhase;
			buildActionMask = 2147483647;
			files = (
			);
			inputPaths = (
				"${PODS_ROOT}/Target Support Files/Pods-QPlayer/Pods-QPlayer-resources.sh",
				"${PODS_ROOT}/MBProgressHUD+JDragon/MBProgressHUD+JDragon/MBProgressHUD+JDragon.bundle",
				"${PODS_ROOT}/MJRefresh/MJRefresh/MJRefresh.bundle",
				"${PODS_ROOT}/PYSearch/PYSearch/PYSearch.bundle",
				"${PODS_ROOT}/ZFPlayer/ZFPlayer/Classes/ControlView/ZFPlayer.bundle",
			);
			name = "[CP] Copy Pods Resources";
			outputPaths = (
				"${TARGET_BUILD_DIR}/${UNLOCALIZED_RESOURCES_FOLDER_PATH}/MBProgressHUD+JDragon.bundle",
				"${TARGET_BUILD_DIR}/${UNLOCALIZED_RESOURCES_FOLDER_PATH}/MJRefresh.bundle",
				"${TARGET_BUILD_DIR}/${UNLOCALIZED_RESOURCES_FOLDER_PATH}/PYSearch.bundle",
				"${TARGET_BUILD_DIR}/${UNLOCALIZED_RESOURCES_FOLDER_PATH}/ZFPlayer.bundle",
			);
			runOnlyForDeploymentPostprocessing = 0;
			shellPath = /bin/sh;
			shellScript = "\"${PODS_ROOT}/Target Support Files/Pods-QPlayer/Pods-QPlayer-resources.sh\"\n";
			showEnvVarsInLog = 0;
		};
/* End PBXShellScriptBuildPhase section */

/* Begin PBXSourcesBuildPhase section */
		965E09DA1F04A85F009BBBD9 /* Sources */ = {
			isa = PBXSourcesBuildPhase;
			buildActionMask = 2147483647;
			files = (
				1481C22E210F01DA00F431BB /* BaseTableViewCell.m in Sources */,
				14F522A7232C00F300C866D1 /* util.c in Sources */,
				1481C22F210F01DA00F431BB /* NSObject+JudgeNull.m in Sources */,
				144B220E2338A5EC00994F35 /* TabBarController.m in Sources */,
				145C6179234CD1CA0077654D /* UIViewController+DYFAdd.m in Sources */,
				14F522B1232C00F300C866D1 /* tokenizer.c in Sources */,
				14F522AD232C00F300C866D1 /* error.c in Sources */,
				96532C681F5E814E00E66A2F /* HTTPConnection.m in Sources */,
				1467B27B233A0AD100526926 /* BaseView.m in Sources */,
				144B22112338A5EC00994F35 /* FileModel.m in Sources */,
				96532C671F5E814E00E66A2F /* HTTPAuthenticationRequest.m in Sources */,
				144B22102338A5EC00994F35 /* HomeViewController.m in Sources */,
				14F522B2232C00F300C866D1 /* string_piece.c in Sources */,
				96532C631F5E814E00E66A2F /* DDData.m in Sources */,
				144B22162338A5EC00994F35 /* SettingsViewController.m in Sources */,
				96532C651F5E814E00E66A2F /* DDRange.m in Sources */,
				144B22142338A5EC00994F35 /* LiveViewController.m in Sources */,
				144B222223390A7200994F35 /* DYFDropListViewCell.m in Sources */,
				96532C6A1F5E814E00E66A2F /* HTTPServer.m in Sources */,
				14F522AF232C00F300C866D1 /* tag.c in Sources */,
				144B22122338A5EC00994F35 /* FileTableViewCell.m in Sources */,
				14203857233FA6CA00DDA120 /* DYFHttpClient.m in Sources */,
				96532C661F5E814E00E66A2F /* FileResource.m in Sources */,
				14F521E0232BCFC600C866D1 /* DYFProgressView.m in Sources */,
				14F521E1232BCFC600C866D1 /* DYFWebProgressView.m in Sources */,
				14AEFFDA233BBA1600DD6560 /* QPHudObject.m in Sources */,
				965E09E91F04A85F009BBBD9 /* ViewController.m in Sources */,
				96532C691F5E814E00E66A2F /* HTTPResponse.m in Sources */,
				14F522A5232C00F300C866D1 /* OCGumbo.m in Sources */,
				14F522AB232C00F300C866D1 /* char_ref.c in Sources */,
				14F522A6232C00F300C866D1 /* string_buffer.c in Sources */,
				144B221E233909C200994F35 /* DYFDropListView.m in Sources */,
				14F522AA232C00F300C866D1 /* attribute.c in Sources */,
				1467B2A8233A448000526926 /* AboutMeTableHeader.m in Sources */,
				1481C22C210F01DA00F431BB /* BaseViewController.m in Sources */,
				1467B28D233A184C00526926 /* QPAppConst.m in Sources */,
				14F521E5232BCFC600C866D1 /* FileHelper.m in Sources */,
				14F522A9232C00F300C866D1 /* vector.c in Sources */,
				14AEFFD6233B981800DD6560 /* UILabel+DYFAdd.m in Sources */,
				96532C701F5E814E00E66A2F /* RegexKitLite.m in Sources */,
				1467B29C233A1AD300526926 /* AboutMeViewController.m in Sources */,
				965E09E61F04A85F009BBBD9 /* AppDelegate.mm in Sources */,
				14F522AC232C00F300C866D1 /* utf8.c in Sources */,
				1430B8B1234C3FBC00189025 /* KSYMediaPlayerManager.m in Sources */,
				96532C621F5E814E00E66A2F /* AsyncSocket.m in Sources */,
				144B220F2338A5EC00994F35 /* QPlayerController.m in Sources */,
				965E09E31F04A85F009BBBD9 /* main.m in Sources */,
				1467B2AA233A448000526926 /* AboutMeTableFooter.m in Sources */,
				1420384E233E68FE00DDA120 /* DYFDropListModel.m in Sources */,
				96532C641F5E814E00E66A2F /* DDNumber.m in Sources */,
				1420384A233E4EE100DDA120 /* UIView+DYFAdd.m in Sources */,
				14F521E4232BCFC600C866D1 /* WifiManager.m in Sources */,
				14F522A4232C00F300C866D1 /* OCGumbo+Query.m in Sources */,
				1481C22D210F01DA00F431BB /* BaseNavigationController.m in Sources */,
				14F522B0232C00F300C866D1 /* parser.c in Sources */,
				14F521E6232BCFC600C866D1 /* HistoryArchive.m in Sources */,
				1467B280233A0B7900526926 /* QPTitleView.m in Sources */,
				144B22152338A5EC00994F35 /* SearchViewController.m in Sources */,
			);
			runOnlyForDeploymentPostprocessing = 0;
		};
/* End PBXSourcesBuildPhase section */

/* Begin PBXVariantGroup section */
		965E09EA1F04A85F009BBBD9 /* Main.storyboard */ = {
			isa = PBXVariantGroup;
			children = (
				965E09EB1F04A85F009BBBD9 /* Base */,
			);
			name = Main.storyboard;
			sourceTree = "<group>";
		};
		965E09EF1F04A85F009BBBD9 /* LaunchScreen.storyboard */ = {
			isa = PBXVariantGroup;
			children = (
				965E09F01F04A85F009BBBD9 /* Base */,
			);
			name = LaunchScreen.storyboard;
			sourceTree = "<group>";
		};
/* End PBXVariantGroup section */

/* Begin XCBuildConfiguration section */
		965E0A091F04A85F009BBBD9 /* Debug */ = {
			isa = XCBuildConfiguration;
			buildSettings = {
				ALWAYS_SEARCH_USER_PATHS = NO;
				CLANG_ANALYZER_NONNULL = YES;
				CLANG_CXX_LANGUAGE_STANDARD = "gnu++0x";
				CLANG_CXX_LIBRARY = "libc++";
				CLANG_ENABLE_MODULES = YES;
				CLANG_ENABLE_OBJC_ARC = YES;
				CLANG_WARN_BOOL_CONVERSION = YES;
				CLANG_WARN_CONSTANT_CONVERSION = YES;
				CLANG_WARN_DIRECT_OBJC_ISA_USAGE = YES_ERROR;
				CLANG_WARN_EMPTY_BODY = YES;
				CLANG_WARN_ENUM_CONVERSION = YES;
				CLANG_WARN_INT_CONVERSION = YES;
				CLANG_WARN_OBJC_ROOT_CLASS = YES_ERROR;
				CLANG_WARN_UNREACHABLE_CODE = YES;
				CLANG_WARN__DUPLICATE_METHOD_MATCH = YES;
				"CODE_SIGN_IDENTITY[sdk=iphoneos*]" = "iPhone Developer";
				COPY_PHASE_STRIP = NO;
				DEBUG_INFORMATION_FORMAT = dwarf;
				ENABLE_STRICT_OBJC_MSGSEND = YES;
				ENABLE_TESTABILITY = YES;
				GCC_C_LANGUAGE_STANDARD = gnu99;
				GCC_DYNAMIC_NO_PIC = NO;
				GCC_NO_COMMON_BLOCKS = YES;
				GCC_OPTIMIZATION_LEVEL = 0;
				GCC_PREPROCESSOR_DEFINITIONS = (
					"DEBUG=1",
					"$(inherited)",
				);
				GCC_WARN_64_TO_32_BIT_CONVERSION = YES;
				GCC_WARN_ABOUT_RETURN_TYPE = YES_ERROR;
				GCC_WARN_UNDECLARED_SELECTOR = YES;
				GCC_WARN_UNINITIALIZED_AUTOS = YES_AGGRESSIVE;
				GCC_WARN_UNUSED_FUNCTION = YES;
				GCC_WARN_UNUSED_VARIABLE = YES;
				IPHONEOS_DEPLOYMENT_TARGET = 9.3;
				MTL_ENABLE_DEBUG_INFO = YES;
				ONLY_ACTIVE_ARCH = YES;
				SDKROOT = iphoneos;
				TARGETED_DEVICE_FAMILY = "1,2";
			};
			name = Debug;
		};
		965E0A0A1F04A85F009BBBD9 /* Release */ = {
			isa = XCBuildConfiguration;
			buildSettings = {
				ALWAYS_SEARCH_USER_PATHS = NO;
				CLANG_ANALYZER_NONNULL = YES;
				CLANG_CXX_LANGUAGE_STANDARD = "gnu++0x";
				CLANG_CXX_LIBRARY = "libc++";
				CLANG_ENABLE_MODULES = YES;
				CLANG_ENABLE_OBJC_ARC = YES;
				CLANG_WARN_BOOL_CONVERSION = YES;
				CLANG_WARN_CONSTANT_CONVERSION = YES;
				CLANG_WARN_DIRECT_OBJC_ISA_USAGE = YES_ERROR;
				CLANG_WARN_EMPTY_BODY = YES;
				CLANG_WARN_ENUM_CONVERSION = YES;
				CLANG_WARN_INT_CONVERSION = YES;
				CLANG_WARN_OBJC_ROOT_CLASS = YES_ERROR;
				CLANG_WARN_UNREACHABLE_CODE = YES;
				CLANG_WARN__DUPLICATE_METHOD_MATCH = YES;
				"CODE_SIGN_IDENTITY[sdk=iphoneos*]" = "iPhone Developer";
				COPY_PHASE_STRIP = NO;
				DEBUG_INFORMATION_FORMAT = "dwarf-with-dsym";
				ENABLE_NS_ASSERTIONS = NO;
				ENABLE_STRICT_OBJC_MSGSEND = YES;
				GCC_C_LANGUAGE_STANDARD = gnu99;
				GCC_NO_COMMON_BLOCKS = YES;
				GCC_WARN_64_TO_32_BIT_CONVERSION = YES;
				GCC_WARN_ABOUT_RETURN_TYPE = YES_ERROR;
				GCC_WARN_UNDECLARED_SELECTOR = YES;
				GCC_WARN_UNINITIALIZED_AUTOS = YES_AGGRESSIVE;
				GCC_WARN_UNUSED_FUNCTION = YES;
				GCC_WARN_UNUSED_VARIABLE = YES;
				IPHONEOS_DEPLOYMENT_TARGET = 9.3;
				MTL_ENABLE_DEBUG_INFO = NO;
				SDKROOT = iphoneos;
				TARGETED_DEVICE_FAMILY = "1,2";
				VALIDATE_PRODUCT = YES;
			};
			name = Release;
		};
		965E0A0C1F04A85F009BBBD9 /* Debug */ = {
			isa = XCBuildConfiguration;
			baseConfigurationReference = EE34F78BEFFD28555D564773 /* Pods-QPlayer.debug.xcconfig */;
			buildSettings = {
				ASSETCATALOG_COMPILER_APPICON_NAME = AppIcon;
				ASSETCATALOG_COMPILER_LAUNCHIMAGE_NAME = LaunchImage;
				CODE_SIGN_IDENTITY = "Apple Development";
				CODE_SIGN_STYLE = Automatic;
				CURRENT_PROJECT_VERSION = 188;
				DEVELOPMENT_TEAM = KCBQ48PTUV;
				FRAMEWORK_SEARCH_PATHS = (
					"$(inherited)",
					"$(PROJECT_DIR)/KSYMediaPlayer_vod",
				);
				GCC_PRECOMPILE_PREFIX_HEADER = YES;
				GCC_PREFIX_HEADER = "${PROJECT_NAME}/AppPrefix.pch";
				INFOPLIST_FILE = "$(SRCROOT)/QPlayer/Info.plist";
				IPHONEOS_DEPLOYMENT_TARGET = 8.0;
				LD_RUNPATH_SEARCH_PATHS = "$(inherited) @executable_path/Frameworks";
				MARKETING_VERSION = 2.1.9;
				OTHER_LDFLAGS = (
					"$(inherited)",
					"-ObjC",
					"-licucore",
					"-l\"FDFullscreenPopGesture\"",
					"-l\"MJRefresh\"",
					"-l\"SVBlurView\"",
					"-framework",
					"\"Foundation\"",
					"-framework",
					"\"MediaPlayer\"",
					"-framework",
					"\"QuartzCore\"",
					"-framework",
					"\"UIKit\"",
				);
				PRODUCT_BUNDLE_IDENTIFIER = com.omg.qplayer;
				PRODUCT_NAME = "$(TARGET_NAME)";
				PROVISIONING_PROFILE = "";
				PROVISIONING_PROFILE_SPECIFIER = "";
			};
			name = Debug;
		};
		965E0A0D1F04A85F009BBBD9 /* Release */ = {
			isa = XCBuildConfiguration;
			baseConfigurationReference = ED8B739E8D60BF7E60F33C9C /* Pods-QPlayer.release.xcconfig */;
			buildSettings = {
				ASSETCATALOG_COMPILER_APPICON_NAME = AppIcon;
				ASSETCATALOG_COMPILER_LAUNCHIMAGE_NAME = LaunchImage;
				CODE_SIGN_IDENTITY = "Apple Development";
				CODE_SIGN_STYLE = Automatic;
				CURRENT_PROJECT_VERSION = 188;
				DEVELOPMENT_TEAM = KCBQ48PTUV;
				FRAMEWORK_SEARCH_PATHS = (
					"$(inherited)",
					"$(PROJECT_DIR)/KSYMediaPlayer_vod",
				);
				GCC_PRECOMPILE_PREFIX_HEADER = YES;
				GCC_PREFIX_HEADER = "${PROJECT_NAME}/AppPrefix.pch";
				INFOPLIST_FILE = "$(SRCROOT)/QPlayer/Info.plist";
				IPHONEOS_DEPLOYMENT_TARGET = 8.0;
				LD_RUNPATH_SEARCH_PATHS = "$(inherited) @executable_path/Frameworks";
				MARKETING_VERSION = 2.1.9;
				OTHER_LDFLAGS = (
					"$(inherited)",
					"-ObjC",
					"-licucore",
					"-l\"FDFullscreenPopGesture\"",
					"-l\"MJRefresh\"",
					"-l\"SVBlurView\"",
					"-framework",
					"\"Foundation\"",
					"-framework",
					"\"MediaPlayer\"",
					"-framework",
					"\"QuartzCore\"",
					"-framework",
					"\"UIKit\"",
				);
				PRODUCT_BUNDLE_IDENTIFIER = com.omg.qplayer;
				PRODUCT_NAME = "$(TARGET_NAME)";
				PROVISIONING_PROFILE = "";
				PROVISIONING_PROFILE_SPECIFIER = "";
			};
			name = Release;
		};
/* End XCBuildConfiguration section */

/* Begin XCConfigurationList section */
		965E09D91F04A85F009BBBD9 /* Build configuration list for PBXProject "QPlayer" */ = {
			isa = XCConfigurationList;
			buildConfigurations = (
				965E0A091F04A85F009BBBD9 /* Debug */,
				965E0A0A1F04A85F009BBBD9 /* Release */,
			);
			defaultConfigurationIsVisible = 0;
			defaultConfigurationName = Release;
		};
		965E0A0B1F04A85F009BBBD9 /* Build configuration list for PBXNativeTarget "QPlayer" */ = {
			isa = XCConfigurationList;
			buildConfigurations = (
				965E0A0C1F04A85F009BBBD9 /* Debug */,
				965E0A0D1F04A85F009BBBD9 /* Release */,
			);
			defaultConfigurationIsVisible = 0;
			defaultConfigurationName = Release;
		};
/* End XCConfigurationList section */
	};
	rootObject = 965E09D61F04A85F009BBBD9 /* Project object */;
}
